// !$*UTF8*$!
{
	archiveVersion = 1;
	classes = {
	};
	objectVersion = 55;
	objects = {

/* Begin PBXBuildFile section */
		23038FE629154A37006E26C0 /* ErrorInfo.swift in Sources */ = {isa = PBXBuildFile; fileRef = 23038FE529154A37006E26C0 /* ErrorInfo.swift */; };
		23038FE829154A7A006E26C0 /* ErrorResponse.swift in Sources */ = {isa = PBXBuildFile; fileRef = 23038FE729154A7A006E26C0 /* ErrorResponse.swift */; };
		23038FEA2915B0EE006E26C0 /* API.swift in Sources */ = {isa = PBXBuildFile; fileRef = 23038FE92915B0EE006E26C0 /* API.swift */; };
		23038FED2915B1AA006E26C0 /* ArticleNetworkModel.swift in Sources */ = {isa = PBXBuildFile; fileRef = 23038FEC2915B1AA006E26C0 /* ArticleNetworkModel.swift */; };
		23038FEF2915B8E2006E26C0 /* EndPointItemTest.swift in Sources */ = {isa = PBXBuildFile; fileRef = 23038FEE2915B8E2006E26C0 /* EndPointItemTest.swift */; };
		23038FF12915BEE7006E26C0 /* APIManagerTest.swift in Sources */ = {isa = PBXBuildFile; fileRef = 23038FF02915BEE7006E26C0 /* APIManagerTest.swift */; };
		23038FF32915C87F006E26C0 /* APITest.swift in Sources */ = {isa = PBXBuildFile; fileRef = 23038FF22915C87F006E26C0 /* APITest.swift */; };
		23971DCF291661F200D52A3A /* ArticleListPresenter.swift in Sources */ = {isa = PBXBuildFile; fileRef = 23971DC9291661F200D52A3A /* ArticleListPresenter.swift */; };
		23971DD0291661F200D52A3A /* ArticleListWorker.swift in Sources */ = {isa = PBXBuildFile; fileRef = 23971DCA291661F200D52A3A /* ArticleListWorker.swift */; };
		23971DD1291661F200D52A3A /* ArticleListRouter.swift in Sources */ = {isa = PBXBuildFile; fileRef = 23971DCB291661F200D52A3A /* ArticleListRouter.swift */; };
		23971DD2291661F200D52A3A /* ArticleListModels.swift in Sources */ = {isa = PBXBuildFile; fileRef = 23971DCC291661F200D52A3A /* ArticleListModels.swift */; };
		23971DD3291661F200D52A3A /* ArticleListViewController.swift in Sources */ = {isa = PBXBuildFile; fileRef = 23971DCD291661F200D52A3A /* ArticleListViewController.swift */; };
		23971DD4291661F200D52A3A /* ArticleListInteractor.swift in Sources */ = {isa = PBXBuildFile; fileRef = 23971DCE291661F200D52A3A /* ArticleListInteractor.swift */; };
		23971DD7291667C500D52A3A /* ArticleListTableViewCell.swift in Sources */ = {isa = PBXBuildFile; fileRef = 23971DD5291667C500D52A3A /* ArticleListTableViewCell.swift */; };
		23971DD8291667C500D52A3A /* ArticleListTableViewCell.xib in Resources */ = {isa = PBXBuildFile; fileRef = 23971DD6291667C500D52A3A /* ArticleListTableViewCell.xib */; };
		23971DE02916E35E00D52A3A /* ArticleDetailPresenter.swift in Sources */ = {isa = PBXBuildFile; fileRef = 23971DDA2916E35E00D52A3A /* ArticleDetailPresenter.swift */; };
		23971DE12916E35E00D52A3A /* ArticleDetailWorker.swift in Sources */ = {isa = PBXBuildFile; fileRef = 23971DDB2916E35E00D52A3A /* ArticleDetailWorker.swift */; };
		23971DE22916E35E00D52A3A /* ArticleDetailRouter.swift in Sources */ = {isa = PBXBuildFile; fileRef = 23971DDC2916E35E00D52A3A /* ArticleDetailRouter.swift */; };
		23971DE32916E35E00D52A3A /* ArticleDetailModels.swift in Sources */ = {isa = PBXBuildFile; fileRef = 23971DDD2916E35E00D52A3A /* ArticleDetailModels.swift */; };
		23971DE42916E35E00D52A3A /* ArticleDetailViewController.swift in Sources */ = {isa = PBXBuildFile; fileRef = 23971DDE2916E35E00D52A3A /* ArticleDetailViewController.swift */; };
		23971DE52916E35E00D52A3A /* ArticleDetailInteractor.swift in Sources */ = {isa = PBXBuildFile; fileRef = 23971DDF2916E35E00D52A3A /* ArticleDetailInteractor.swift */; };
		23971DE92916EF1600D52A3A /* ArticleDetailTitleTableViewCell.swift in Sources */ = {isa = PBXBuildFile; fileRef = 23971DE72916EF1500D52A3A /* ArticleDetailTitleTableViewCell.swift */; };
		23971DEA2916EF1600D52A3A /* ArticleDetailTitleTableViewCell.xib in Resources */ = {isa = PBXBuildFile; fileRef = 23971DE82916EF1500D52A3A /* ArticleDetailTitleTableViewCell.xib */; };
		23971DED2916EFC500D52A3A /* ArticleDetailImageTableViewCell.swift in Sources */ = {isa = PBXBuildFile; fileRef = 23971DEB2916EFC500D52A3A /* ArticleDetailImageTableViewCell.swift */; };
		23971DEE2916EFC500D52A3A /* ArticleDetailImageTableViewCell.xib in Resources */ = {isa = PBXBuildFile; fileRef = 23971DEC2916EFC500D52A3A /* ArticleDetailImageTableViewCell.xib */; };
		23971DF12916F1C700D52A3A /* ArticleDetailDateTableViewCell.swift in Sources */ = {isa = PBXBuildFile; fileRef = 23971DEF2916F1C700D52A3A /* ArticleDetailDateTableViewCell.swift */; };
		23971DF22916F1C700D52A3A /* ArticleDetailDateTableViewCell.xib in Resources */ = {isa = PBXBuildFile; fileRef = 23971DF02916F1C700D52A3A /* ArticleDetailDateTableViewCell.xib */; };
		23971DF52916F34B00D52A3A /* ArticleDetailDescriptionTableViewCell.swift in Sources */ = {isa = PBXBuildFile; fileRef = 23971DF32916F34B00D52A3A /* ArticleDetailDescriptionTableViewCell.swift */; };
		23971DF62916F34B00D52A3A /* ArticleDetailDescriptionTableViewCell.xib in Resources */ = {isa = PBXBuildFile; fileRef = 23971DF42916F34B00D52A3A /* ArticleDetailDescriptionTableViewCell.xib */; };
		23ECCB41291507280082CF6F /* AppDelegate.swift in Sources */ = {isa = PBXBuildFile; fileRef = 23ECCB40291507280082CF6F /* AppDelegate.swift */; };
		23ECCB43291507280082CF6F /* SceneDelegate.swift in Sources */ = {isa = PBXBuildFile; fileRef = 23ECCB42291507280082CF6F /* SceneDelegate.swift */; };
		23ECCB48291507280082CF6F /* Main.storyboard in Resources */ = {isa = PBXBuildFile; fileRef = 23ECCB46291507280082CF6F /* Main.storyboard */; };
		23ECCB4A2915072A0082CF6F /* Assets.xcassets in Resources */ = {isa = PBXBuildFile; fileRef = 23ECCB492915072A0082CF6F /* Assets.xcassets */; };
		23ECCB4D2915072A0082CF6F /* LaunchScreen.storyboard in Resources */ = {isa = PBXBuildFile; fileRef = 23ECCB4B2915072A0082CF6F /* LaunchScreen.storyboard */; };
		23ECCB72291522A90082CF6F /* APIManager.swift in Sources */ = {isa = PBXBuildFile; fileRef = 23ECCB71291522A90082CF6F /* APIManager.swift */; };
		23ECCB74291526070082CF6F /* EndPointType.swift in Sources */ = {isa = PBXBuildFile; fileRef = 23ECCB73291526070082CF6F /* EndPointType.swift */; };
		23ECCB76291528DC0082CF6F /* EndPointItem.swift in Sources */ = {isa = PBXBuildFile; fileRef = 23ECCB75291528DC0082CF6F /* EndPointItem.swift */; };
		94A64F53563D8FB616E28156 /* Pods_NYTPopularArticles.framework in Frameworks */ = {isa = PBXBuildFile; fileRef = 61883A3D8FFEFD19ADA39D07 /* Pods_NYTPopularArticles.framework */; };
		F4B644BF34C1615C3522D21A /* Pods_NYTPopularArticlesTests.framework in Frameworks */ = {isa = PBXBuildFile; fileRef = D45480CB58A960D2C02CB7D9 /* Pods_NYTPopularArticlesTests.framework */; };
/* End PBXBuildFile section */

/* Begin PBXContainerItemProxy section */
		23ECCB542915072A0082CF6F /* PBXContainerItemProxy */ = {
			isa = PBXContainerItemProxy;
			containerPortal = 23ECCB35291507280082CF6F /* Project object */;
			proxyType = 1;
			remoteGlobalIDString = 23ECCB3C291507280082CF6F;
			remoteInfo = NYTPopularArticles;
		};
/* End PBXContainerItemProxy section */

/* Begin PBXFileReference section */
		10E69AB840E800C8FFDE5CD6 /* Pods-NYTPopularArticles-NYTPopularArticlesUITests.debug.xcconfig */ = {isa = PBXFileReference; includeInIndex = 1; lastKnownFileType = text.xcconfig; name = "Pods-NYTPopularArticles-NYTPopularArticlesUITests.debug.xcconfig"; path = "Target Support Files/Pods-NYTPopularArticles-NYTPopularArticlesUITests/Pods-NYTPopularArticles-NYTPopularArticlesUITests.debug.xcconfig"; sourceTree = "<group>"; };
		23038FE529154A37006E26C0 /* ErrorInfo.swift */ = {isa = PBXFileReference; lastKnownFileType = sourcecode.swift; path = ErrorInfo.swift; sourceTree = "<group>"; };
		23038FE729154A7A006E26C0 /* ErrorResponse.swift */ = {isa = PBXFileReference; lastKnownFileType = sourcecode.swift; path = ErrorResponse.swift; sourceTree = "<group>"; };
		23038FE92915B0EE006E26C0 /* API.swift */ = {isa = PBXFileReference; lastKnownFileType = sourcecode.swift; path = API.swift; sourceTree = "<group>"; };
		23038FEC2915B1AA006E26C0 /* ArticleNetworkModel.swift */ = {isa = PBXFileReference; lastKnownFileType = sourcecode.swift; path = ArticleNetworkModel.swift; sourceTree = "<group>"; };
		23038FEE2915B8E2006E26C0 /* EndPointItemTest.swift */ = {isa = PBXFileReference; lastKnownFileType = sourcecode.swift; path = EndPointItemTest.swift; sourceTree = "<group>"; };
		23038FF02915BEE7006E26C0 /* APIManagerTest.swift */ = {isa = PBXFileReference; lastKnownFileType = sourcecode.swift; path = APIManagerTest.swift; sourceTree = "<group>"; };
		23038FF22915C87F006E26C0 /* APITest.swift */ = {isa = PBXFileReference; lastKnownFileType = sourcecode.swift; path = APITest.swift; sourceTree = "<group>"; };
		23971DC9291661F200D52A3A /* ArticleListPresenter.swift */ = {isa = PBXFileReference; lastKnownFileType = sourcecode.swift; path = ArticleListPresenter.swift; sourceTree = "<group>"; };
		23971DCA291661F200D52A3A /* ArticleListWorker.swift */ = {isa = PBXFileReference; lastKnownFileType = sourcecode.swift; path = ArticleListWorker.swift; sourceTree = "<group>"; };
		23971DCB291661F200D52A3A /* ArticleListRouter.swift */ = {isa = PBXFileReference; lastKnownFileType = sourcecode.swift; path = ArticleListRouter.swift; sourceTree = "<group>"; };
		23971DCC291661F200D52A3A /* ArticleListModels.swift */ = {isa = PBXFileReference; lastKnownFileType = sourcecode.swift; path = ArticleListModels.swift; sourceTree = "<group>"; };
		23971DCD291661F200D52A3A /* ArticleListViewController.swift */ = {isa = PBXFileReference; lastKnownFileType = sourcecode.swift; path = ArticleListViewController.swift; sourceTree = "<group>"; };
		23971DCE291661F200D52A3A /* ArticleListInteractor.swift */ = {isa = PBXFileReference; lastKnownFileType = sourcecode.swift; path = ArticleListInteractor.swift; sourceTree = "<group>"; };
		23971DD5291667C500D52A3A /* ArticleListTableViewCell.swift */ = {isa = PBXFileReference; lastKnownFileType = sourcecode.swift; path = ArticleListTableViewCell.swift; sourceTree = "<group>"; };
		23971DD6291667C500D52A3A /* ArticleListTableViewCell.xib */ = {isa = PBXFileReference; lastKnownFileType = file.xib; path = ArticleListTableViewCell.xib; sourceTree = "<group>"; };
		23971DDA2916E35E00D52A3A /* ArticleDetailPresenter.swift */ = {isa = PBXFileReference; lastKnownFileType = sourcecode.swift; path = ArticleDetailPresenter.swift; sourceTree = "<group>"; };
		23971DDB2916E35E00D52A3A /* ArticleDetailWorker.swift */ = {isa = PBXFileReference; lastKnownFileType = sourcecode.swift; path = ArticleDetailWorker.swift; sourceTree = "<group>"; };
		23971DDC2916E35E00D52A3A /* ArticleDetailRouter.swift */ = {isa = PBXFileReference; lastKnownFileType = sourcecode.swift; path = ArticleDetailRouter.swift; sourceTree = "<group>"; };
		23971DDD2916E35E00D52A3A /* ArticleDetailModels.swift */ = {isa = PBXFileReference; lastKnownFileType = sourcecode.swift; path = ArticleDetailModels.swift; sourceTree = "<group>"; };
		23971DDE2916E35E00D52A3A /* ArticleDetailViewController.swift */ = {isa = PBXFileReference; lastKnownFileType = sourcecode.swift; path = ArticleDetailViewController.swift; sourceTree = "<group>"; };
		23971DDF2916E35E00D52A3A /* ArticleDetailInteractor.swift */ = {isa = PBXFileReference; lastKnownFileType = sourcecode.swift; path = ArticleDetailInteractor.swift; sourceTree = "<group>"; };
		23971DE72916EF1500D52A3A /* ArticleDetailTitleTableViewCell.swift */ = {isa = PBXFileReference; lastKnownFileType = sourcecode.swift; path = ArticleDetailTitleTableViewCell.swift; sourceTree = "<group>"; };
		23971DE82916EF1500D52A3A /* ArticleDetailTitleTableViewCell.xib */ = {isa = PBXFileReference; lastKnownFileType = file.xib; path = ArticleDetailTitleTableViewCell.xib; sourceTree = "<group>"; };
		23971DEB2916EFC500D52A3A /* ArticleDetailImageTableViewCell.swift */ = {isa = PBXFileReference; lastKnownFileType = sourcecode.swift; path = ArticleDetailImageTableViewCell.swift; sourceTree = "<group>"; };
		23971DEC2916EFC500D52A3A /* ArticleDetailImageTableViewCell.xib */ = {isa = PBXFileReference; lastKnownFileType = file.xib; path = ArticleDetailImageTableViewCell.xib; sourceTree = "<group>"; };
		23971DEF2916F1C700D52A3A /* ArticleDetailDateTableViewCell.swift */ = {isa = PBXFileReference; lastKnownFileType = sourcecode.swift; path = ArticleDetailDateTableViewCell.swift; sourceTree = "<group>"; };
		23971DF02916F1C700D52A3A /* ArticleDetailDateTableViewCell.xib */ = {isa = PBXFileReference; lastKnownFileType = file.xib; path = ArticleDetailDateTableViewCell.xib; sourceTree = "<group>"; };
		23971DF32916F34B00D52A3A /* ArticleDetailDescriptionTableViewCell.swift */ = {isa = PBXFileReference; lastKnownFileType = sourcecode.swift; path = ArticleDetailDescriptionTableViewCell.swift; sourceTree = "<group>"; };
		23971DF42916F34B00D52A3A /* ArticleDetailDescriptionTableViewCell.xib */ = {isa = PBXFileReference; lastKnownFileType = file.xib; path = ArticleDetailDescriptionTableViewCell.xib; sourceTree = "<group>"; };
		23ECCB3D291507280082CF6F /* NYTPopularArticles.app */ = {isa = PBXFileReference; explicitFileType = wrapper.application; includeInIndex = 0; path = NYTPopularArticles.app; sourceTree = BUILT_PRODUCTS_DIR; };
		23ECCB40291507280082CF6F /* AppDelegate.swift */ = {isa = PBXFileReference; lastKnownFileType = sourcecode.swift; path = AppDelegate.swift; sourceTree = "<group>"; };
		23ECCB42291507280082CF6F /* SceneDelegate.swift */ = {isa = PBXFileReference; lastKnownFileType = sourcecode.swift; path = SceneDelegate.swift; sourceTree = "<group>"; };
		23ECCB47291507280082CF6F /* Base */ = {isa = PBXFileReference; lastKnownFileType = file.storyboard; name = Base; path = Base.lproj/Main.storyboard; sourceTree = "<group>"; };
		23ECCB492915072A0082CF6F /* Assets.xcassets */ = {isa = PBXFileReference; lastKnownFileType = folder.assetcatalog; path = Assets.xcassets; sourceTree = "<group>"; };
		23ECCB4C2915072A0082CF6F /* Base */ = {isa = PBXFileReference; lastKnownFileType = file.storyboard; name = Base; path = Base.lproj/LaunchScreen.storyboard; sourceTree = "<group>"; };
		23ECCB4E2915072A0082CF6F /* Info.plist */ = {isa = PBXFileReference; lastKnownFileType = text.plist.xml; path = Info.plist; sourceTree = "<group>"; };
		23ECCB532915072A0082CF6F /* NYTPopularArticlesTests.xctest */ = {isa = PBXFileReference; explicitFileType = wrapper.cfbundle; includeInIndex = 0; path = NYTPopularArticlesTests.xctest; sourceTree = BUILT_PRODUCTS_DIR; };
		23ECCB71291522A90082CF6F /* APIManager.swift */ = {isa = PBXFileReference; lastKnownFileType = sourcecode.swift; path = APIManager.swift; sourceTree = "<group>"; };
		23ECCB73291526070082CF6F /* EndPointType.swift */ = {isa = PBXFileReference; lastKnownFileType = sourcecode.swift; path = EndPointType.swift; sourceTree = "<group>"; };
		23ECCB75291528DC0082CF6F /* EndPointItem.swift */ = {isa = PBXFileReference; lastKnownFileType = sourcecode.swift; path = EndPointItem.swift; sourceTree = "<group>"; };
		2E2E5BA546B469DF65A61320 /* Pods-NYTPopularArticlesTests.release.xcconfig */ = {isa = PBXFileReference; includeInIndex = 1; lastKnownFileType = text.xcconfig; name = "Pods-NYTPopularArticlesTests.release.xcconfig"; path = "Target Support Files/Pods-NYTPopularArticlesTests/Pods-NYTPopularArticlesTests.release.xcconfig"; sourceTree = "<group>"; };
		61883A3D8FFEFD19ADA39D07 /* Pods_NYTPopularArticles.framework */ = {isa = PBXFileReference; explicitFileType = wrapper.framework; includeInIndex = 0; path = Pods_NYTPopularArticles.framework; sourceTree = BUILT_PRODUCTS_DIR; };
		90C8DD1363F0B90668DD336A /* Pods_NYTPopularArticles_NYTPopularArticlesUITests.framework */ = {isa = PBXFileReference; explicitFileType = wrapper.framework; includeInIndex = 0; path = Pods_NYTPopularArticles_NYTPopularArticlesUITests.framework; sourceTree = BUILT_PRODUCTS_DIR; };
		950104414CC11A2EB2B15350 /* Pods-NYTPopularArticles-NYTPopularArticlesUITests.release.xcconfig */ = {isa = PBXFileReference; includeInIndex = 1; lastKnownFileType = text.xcconfig; name = "Pods-NYTPopularArticles-NYTPopularArticlesUITests.release.xcconfig"; path = "Target Support Files/Pods-NYTPopularArticles-NYTPopularArticlesUITests/Pods-NYTPopularArticles-NYTPopularArticlesUITests.release.xcconfig"; sourceTree = "<group>"; };
		9E07EB0A2C682806EC4A7608 /* Pods-NYTPopularArticles.debug.xcconfig */ = {isa = PBXFileReference; includeInIndex = 1; lastKnownFileType = text.xcconfig; name = "Pods-NYTPopularArticles.debug.xcconfig"; path = "Target Support Files/Pods-NYTPopularArticles/Pods-NYTPopularArticles.debug.xcconfig"; sourceTree = "<group>"; };
		A55658A3F1F64C848EB67D49 /* Pods-NYTPopularArticles.release.xcconfig */ = {isa = PBXFileReference; includeInIndex = 1; lastKnownFileType = text.xcconfig; name = "Pods-NYTPopularArticles.release.xcconfig"; path = "Target Support Files/Pods-NYTPopularArticles/Pods-NYTPopularArticles.release.xcconfig"; sourceTree = "<group>"; };
		D45480CB58A960D2C02CB7D9 /* Pods_NYTPopularArticlesTests.framework */ = {isa = PBXFileReference; explicitFileType = wrapper.framework; includeInIndex = 0; path = Pods_NYTPopularArticlesTests.framework; sourceTree = BUILT_PRODUCTS_DIR; };
		FDB9037FB453443D48232599 /* Pods-NYTPopularArticlesTests.debug.xcconfig */ = {isa = PBXFileReference; includeInIndex = 1; lastKnownFileType = text.xcconfig; name = "Pods-NYTPopularArticlesTests.debug.xcconfig"; path = "Target Support Files/Pods-NYTPopularArticlesTests/Pods-NYTPopularArticlesTests.debug.xcconfig"; sourceTree = "<group>"; };
/* End PBXFileReference section */

/* Begin PBXFrameworksBuildPhase section */
		23ECCB3A291507280082CF6F /* Frameworks */ = {
			isa = PBXFrameworksBuildPhase;
			buildActionMask = 2147483647;
			files = (
				94A64F53563D8FB616E28156 /* Pods_NYTPopularArticles.framework in Frameworks */,
			);
			runOnlyForDeploymentPostprocessing = 0;
		};
		23ECCB502915072A0082CF6F /* Frameworks */ = {
			isa = PBXFrameworksBuildPhase;
			buildActionMask = 2147483647;
			files = (
				F4B644BF34C1615C3522D21A /* Pods_NYTPopularArticlesTests.framework in Frameworks */,
			);
			runOnlyForDeploymentPostprocessing = 0;
		};
/* End PBXFrameworksBuildPhase section */

/* Begin PBXGroup section */
		23971DB7291650E400D52A3A /* Domain */ = {
			isa = PBXGroup;
			children = (
				23971DC82916613100D52A3A /* Scenes */,
				23971DC72916611300D52A3A /* Models */,
			);
			path = Domain;
			sourceTree = "<group>";
		};
		23971DB8291650FB00D52A3A /* ArticleList */ = {
			isa = PBXGroup;
			children = (
				23971DD9291667CD00D52A3A /* TableViewCell */,
				23971DC9291661F200D52A3A /* ArticleListPresenter.swift */,
				23971DCA291661F200D52A3A /* ArticleListWorker.swift */,
				23971DCB291661F200D52A3A /* ArticleListRouter.swift */,
				23971DCC291661F200D52A3A /* ArticleListModels.swift */,
				23971DCD291661F200D52A3A /* ArticleListViewController.swift */,
				23971DCE291661F200D52A3A /* ArticleListInteractor.swift */,
			);
			path = ArticleList;
			sourceTree = "<group>";
		};
		23971DB92916510300D52A3A /* ArticleDetail */ = {
			isa = PBXGroup;
			children = (
				23971DE62916EEF900D52A3A /* UITableViewCells */,
				23971DDA2916E35E00D52A3A /* ArticleDetailPresenter.swift */,
				23971DDB2916E35E00D52A3A /* ArticleDetailWorker.swift */,
				23971DDC2916E35E00D52A3A /* ArticleDetailRouter.swift */,
				23971DDD2916E35E00D52A3A /* ArticleDetailModels.swift */,
				23971DDE2916E35E00D52A3A /* ArticleDetailViewController.swift */,
				23971DDF2916E35E00D52A3A /* ArticleDetailInteractor.swift */,
			);
			path = ArticleDetail;
			sourceTree = "<group>";
		};
		23971DC62916583000D52A3A /* Error */ = {
			isa = PBXGroup;
			children = (
				23038FE529154A37006E26C0 /* ErrorInfo.swift */,
				23038FE729154A7A006E26C0 /* ErrorResponse.swift */,
			);
			path = Error;
			sourceTree = "<group>";
		};
		23971DC72916611300D52A3A /* Models */ = {
			isa = PBXGroup;
			children = (
				23038FEC2915B1AA006E26C0 /* ArticleNetworkModel.swift */,
			);
			path = Models;
			sourceTree = "<group>";
		};
		23971DC82916613100D52A3A /* Scenes */ = {
			isa = PBXGroup;
			children = (
				23971DB92916510300D52A3A /* ArticleDetail */,
				23971DB8291650FB00D52A3A /* ArticleList */,
			);
			path = Scenes;
			sourceTree = "<group>";
		};
		23971DD9291667CD00D52A3A /* TableViewCell */ = {
			isa = PBXGroup;
			children = (
				23971DD5291667C500D52A3A /* ArticleListTableViewCell.swift */,
				23971DD6291667C500D52A3A /* ArticleListTableViewCell.xib */,
			);
			path = TableViewCell;
			sourceTree = "<group>";
		};
		23971DE62916EEF900D52A3A /* UITableViewCells */ = {
			isa = PBXGroup;
			children = (
				23971DE72916EF1500D52A3A /* ArticleDetailTitleTableViewCell.swift */,
				23971DE82916EF1500D52A3A /* ArticleDetailTitleTableViewCell.xib */,
				23971DEB2916EFC500D52A3A /* ArticleDetailImageTableViewCell.swift */,
				23971DEC2916EFC500D52A3A /* ArticleDetailImageTableViewCell.xib */,
				23971DEF2916F1C700D52A3A /* ArticleDetailDateTableViewCell.swift */,
				23971DF02916F1C700D52A3A /* ArticleDetailDateTableViewCell.xib */,
				23971DF32916F34B00D52A3A /* ArticleDetailDescriptionTableViewCell.swift */,
				23971DF42916F34B00D52A3A /* ArticleDetailDescriptionTableViewCell.xib */,
			);
			path = UITableViewCells;
			sourceTree = "<group>";
		};
		23ECCB34291507280082CF6F = {
			isa = PBXGroup;
			children = (
				23ECCB3F291507280082CF6F /* NYTPopularArticles */,
				23ECCB562915072A0082CF6F /* NYTPopularArticlesTests */,
				23ECCB3E291507280082CF6F /* Products */,
				F6BE2B66F0DF05E52FC4DAA8 /* Pods */,
				F1C360ECAF6BECA8F91E0DD8 /* Frameworks */,
			);
			sourceTree = "<group>";
		};
		23ECCB3E291507280082CF6F /* Products */ = {
			isa = PBXGroup;
			children = (
				23ECCB3D291507280082CF6F /* NYTPopularArticles.app */,
				23ECCB532915072A0082CF6F /* NYTPopularArticlesTests.xctest */,
			);
			name = Products;
			sourceTree = "<group>";
		};
		23ECCB3F291507280082CF6F /* NYTPopularArticles */ = {
			isa = PBXGroup;
			children = (
				23971DB7291650E400D52A3A /* Domain */,
				23ECCB70291507C70082CF6F /* Networking */,
				23ECCB40291507280082CF6F /* AppDelegate.swift */,
				23ECCB42291507280082CF6F /* SceneDelegate.swift */,
				23ECCB46291507280082CF6F /* Main.storyboard */,
				23ECCB492915072A0082CF6F /* Assets.xcassets */,
				23ECCB4B2915072A0082CF6F /* LaunchScreen.storyboard */,
				23ECCB4E2915072A0082CF6F /* Info.plist */,
			);
			path = NYTPopularArticles;
			sourceTree = "<group>";
		};
		23ECCB562915072A0082CF6F /* NYTPopularArticlesTests */ = {
			isa = PBXGroup;
			children = (
				23038FEE2915B8E2006E26C0 /* EndPointItemTest.swift */,
				23038FF02915BEE7006E26C0 /* APIManagerTest.swift */,
				23038FF22915C87F006E26C0 /* APITest.swift */,
			);
			path = NYTPopularArticlesTests;
			sourceTree = "<group>";
		};
		23ECCB70291507C70082CF6F /* Networking */ = {
			isa = PBXGroup;
			children = (
				23971DC62916583000D52A3A /* Error */,
				23ECCB71291522A90082CF6F /* APIManager.swift */,
				23ECCB73291526070082CF6F /* EndPointType.swift */,
				23ECCB75291528DC0082CF6F /* EndPointItem.swift */,
				23038FE92915B0EE006E26C0 /* API.swift */,
			);
			path = Networking;
			sourceTree = "<group>";
		};
		F1C360ECAF6BECA8F91E0DD8 /* Frameworks */ = {
			isa = PBXGroup;
			children = (
				61883A3D8FFEFD19ADA39D07 /* Pods_NYTPopularArticles.framework */,
				90C8DD1363F0B90668DD336A /* Pods_NYTPopularArticles_NYTPopularArticlesUITests.framework */,
				D45480CB58A960D2C02CB7D9 /* Pods_NYTPopularArticlesTests.framework */,
			);
			name = Frameworks;
			sourceTree = "<group>";
		};
		F6BE2B66F0DF05E52FC4DAA8 /* Pods */ = {
			isa = PBXGroup;
			children = (
				9E07EB0A2C682806EC4A7608 /* Pods-NYTPopularArticles.debug.xcconfig */,
				A55658A3F1F64C848EB67D49 /* Pods-NYTPopularArticles.release.xcconfig */,
				10E69AB840E800C8FFDE5CD6 /* Pods-NYTPopularArticles-NYTPopularArticlesUITests.debug.xcconfig */,
				950104414CC11A2EB2B15350 /* Pods-NYTPopularArticles-NYTPopularArticlesUITests.release.xcconfig */,
				FDB9037FB453443D48232599 /* Pods-NYTPopularArticlesTests.debug.xcconfig */,
				2E2E5BA546B469DF65A61320 /* Pods-NYTPopularArticlesTests.release.xcconfig */,
			);
			path = Pods;
			sourceTree = "<group>";
		};
/* End PBXGroup section */

/* Begin PBXNativeTarget section */
		23ECCB3C291507280082CF6F /* NYTPopularArticles */ = {
			isa = PBXNativeTarget;
			buildConfigurationList = 23ECCB672915072A0082CF6F /* Build configuration list for PBXNativeTarget "NYTPopularArticles" */;
			buildPhases = (
				537704598E0E759850A64C70 /* [CP] Check Pods Manifest.lock */,
				23ECCB39291507280082CF6F /* Sources */,
				23ECCB3A291507280082CF6F /* Frameworks */,
				23ECCB3B291507280082CF6F /* Resources */,
				62E019FBFF0C5CDF76F1D290 /* [CP] Embed Pods Frameworks */,
			);
			buildRules = (
			);
			dependencies = (
			);
			name = NYTPopularArticles;
			productName = NYTPopularArticles;
			productReference = 23ECCB3D291507280082CF6F /* NYTPopularArticles.app */;
			productType = "com.apple.product-type.application";
		};
		23ECCB522915072A0082CF6F /* NYTPopularArticlesTests */ = {
			isa = PBXNativeTarget;
			buildConfigurationList = 23ECCB6A2915072A0082CF6F /* Build configuration list for PBXNativeTarget "NYTPopularArticlesTests" */;
			buildPhases = (
				65C25FBB49591CE0246ED5A7 /* [CP] Check Pods Manifest.lock */,
				23ECCB4F2915072A0082CF6F /* Sources */,
				23ECCB502915072A0082CF6F /* Frameworks */,
				23ECCB512915072A0082CF6F /* Resources */,
			);
			buildRules = (
			);
			dependencies = (
				23ECCB552915072A0082CF6F /* PBXTargetDependency */,
			);
			name = NYTPopularArticlesTests;
			productName = NYTPopularArticlesTests;
			productReference = 23ECCB532915072A0082CF6F /* NYTPopularArticlesTests.xctest */;
			productType = "com.apple.product-type.bundle.unit-test";
		};
/* End PBXNativeTarget section */

/* Begin PBXProject section */
		23ECCB35291507280082CF6F /* Project object */ = {
			isa = PBXProject;
			attributes = {
				BuildIndependentTargetsInParallel = 1;
				LastSwiftUpdateCheck = 1400;
				LastUpgradeCheck = 1400;
				TargetAttributes = {
					23ECCB3C291507280082CF6F = {
						CreatedOnToolsVersion = 14.0;
					};
					23ECCB522915072A0082CF6F = {
						CreatedOnToolsVersion = 14.0;
						TestTargetID = 23ECCB3C291507280082CF6F;
					};
				};
			};
			buildConfigurationList = 23ECCB38291507280082CF6F /* Build configuration list for PBXProject "NYTPopularArticles" */;
			compatibilityVersion = "Xcode 13.0";
			developmentRegion = en;
			hasScannedForEncodings = 0;
			knownRegions = (
				en,
				Base,
			);
			mainGroup = 23ECCB34291507280082CF6F;
			productRefGroup = 23ECCB3E291507280082CF6F /* Products */;
			projectDirPath = "";
			projectRoot = "";
			targets = (
				23ECCB3C291507280082CF6F /* NYTPopularArticles */,
				23ECCB522915072A0082CF6F /* NYTPopularArticlesTests */,
			);
		};
/* End PBXProject section */

/* Begin PBXResourcesBuildPhase section */
		23ECCB3B291507280082CF6F /* Resources */ = {
			isa = PBXResourcesBuildPhase;
			buildActionMask = 2147483647;
			files = (
				23971DF62916F34B00D52A3A /* ArticleDetailDescriptionTableViewCell.xib in Resources */,
				23971DEA2916EF1600D52A3A /* ArticleDetailTitleTableViewCell.xib in Resources */,
				23971DEE2916EFC500D52A3A /* ArticleDetailImageTableViewCell.xib in Resources */,
				23971DD8291667C500D52A3A /* ArticleListTableViewCell.xib in Resources */,
				23ECCB4D2915072A0082CF6F /* LaunchScreen.storyboard in Resources */,
				23ECCB4A2915072A0082CF6F /* Assets.xcassets in Resources */,
				23ECCB48291507280082CF6F /* Main.storyboard in Resources */,
				23971DF22916F1C700D52A3A /* ArticleDetailDateTableViewCell.xib in Resources */,
			);
			runOnlyForDeploymentPostprocessing = 0;
		};
		23ECCB512915072A0082CF6F /* Resources */ = {
			isa = PBXResourcesBuildPhase;
			buildActionMask = 2147483647;
			files = (
			);
			runOnlyForDeploymentPostprocessing = 0;
		};
/* End PBXResourcesBuildPhase section */

/* Begin PBXShellScriptBuildPhase section */
		537704598E0E759850A64C70 /* [CP] Check Pods Manifest.lock */ = {
			isa = PBXShellScriptBuildPhase;
			buildActionMask = 2147483647;
			files = (
			);
			inputFileListPaths = (
			);
			inputPaths = (
				"${PODS_PODFILE_DIR_PATH}/Podfile.lock",
				"${PODS_ROOT}/Manifest.lock",
			);
			name = "[CP] Check Pods Manifest.lock";
			outputFileListPaths = (
			);
			outputPaths = (
				"$(DERIVED_FILE_DIR)/Pods-NYTPopularArticles-checkManifestLockResult.txt",
			);
			runOnlyForDeploymentPostprocessing = 0;
			shellPath = /bin/sh;
			shellScript = "diff \"${PODS_PODFILE_DIR_PATH}/Podfile.lock\" \"${PODS_ROOT}/Manifest.lock\" > /dev/null\nif [ $? != 0 ] ; then\n    # print error to STDERR\n    echo \"error: The sandbox is not in sync with the Podfile.lock. Run 'pod install' or update your CocoaPods installation.\" >&2\n    exit 1\nfi\n# This output is used by Xcode 'outputs' to avoid re-running this script phase.\necho \"SUCCESS\" > \"${SCRIPT_OUTPUT_FILE_0}\"\n";
			showEnvVarsInLog = 0;
		};
		62E019FBFF0C5CDF76F1D290 /* [CP] Embed Pods Frameworks */ = {
			isa = PBXShellScriptBuildPhase;
			buildActionMask = 2147483647;
			files = (
			);
			inputFileListPaths = (
				"${PODS_ROOT}/Target Support Files/Pods-NYTPopularArticles/Pods-NYTPopularArticles-frameworks-${CONFIGURATION}-input-files.xcfilelist",
			);
			name = "[CP] Embed Pods Frameworks";
			outputFileListPaths = (
				"${PODS_ROOT}/Target Support Files/Pods-NYTPopularArticles/Pods-NYTPopularArticles-frameworks-${CONFIGURATION}-output-files.xcfilelist",
			);
			runOnlyForDeploymentPostprocessing = 0;
			shellPath = /bin/sh;
			shellScript = "\"${PODS_ROOT}/Target Support Files/Pods-NYTPopularArticles/Pods-NYTPopularArticles-frameworks.sh\"\n";
			showEnvVarsInLog = 0;
		};
		65C25FBB49591CE0246ED5A7 /* [CP] Check Pods Manifest.lock */ = {
			isa = PBXShellScriptBuildPhase;
			buildActionMask = 2147483647;
			files = (
			);
			inputFileListPaths = (
			);
			inputPaths = (
				"${PODS_PODFILE_DIR_PATH}/Podfile.lock",
				"${PODS_ROOT}/Manifest.lock",
			);
			name = "[CP] Check Pods Manifest.lock";
			outputFileListPaths = (
			);
			outputPaths = (
				"$(DERIVED_FILE_DIR)/Pods-NYTPopularArticlesTests-checkManifestLockResult.txt",
			);
			runOnlyForDeploymentPostprocessing = 0;
			shellPath = /bin/sh;
			shellScript = "diff \"${PODS_PODFILE_DIR_PATH}/Podfile.lock\" \"${PODS_ROOT}/Manifest.lock\" > /dev/null\nif [ $? != 0 ] ; then\n    # print error to STDERR\n    echo \"error: The sandbox is not in sync with the Podfile.lock. Run 'pod install' or update your CocoaPods installation.\" >&2\n    exit 1\nfi\n# This output is used by Xcode 'outputs' to avoid re-running this script phase.\necho \"SUCCESS\" > \"${SCRIPT_OUTPUT_FILE_0}\"\n";
			showEnvVarsInLog = 0;
		};
/* End PBXShellScriptBuildPhase section */

/* Begin PBXSourcesBuildPhase section */
		23ECCB39291507280082CF6F /* Sources */ = {
			isa = PBXSourcesBuildPhase;
			buildActionMask = 2147483647;
			files = (
				23971DD2291661F200D52A3A /* ArticleListModels.swift in Sources */,
				23971DD4291661F200D52A3A /* ArticleListInteractor.swift in Sources */,
				23971DF52916F34B00D52A3A /* ArticleDetailDescriptionTableViewCell.swift in Sources */,
				23ECCB72291522A90082CF6F /* APIManager.swift in Sources */,
				23ECCB76291528DC0082CF6F /* EndPointItem.swift in Sources */,
				23038FE629154A37006E26C0 /* ErrorInfo.swift in Sources */,
				23971DD0291661F200D52A3A /* ArticleListWorker.swift in Sources */,
				23971DD1291661F200D52A3A /* ArticleListRouter.swift in Sources */,
				23971DE22916E35E00D52A3A /* ArticleDetailRouter.swift in Sources */,
				23971DCF291661F200D52A3A /* ArticleListPresenter.swift in Sources */,
				23ECCB41291507280082CF6F /* AppDelegate.swift in Sources */,
				23ECCB74291526070082CF6F /* EndPointType.swift in Sources */,
				23971DD7291667C500D52A3A /* ArticleListTableViewCell.swift in Sources */,
				23ECCB43291507280082CF6F /* SceneDelegate.swift in Sources */,
				23971DF12916F1C700D52A3A /* ArticleDetailDateTableViewCell.swift in Sources */,
				23038FEA2915B0EE006E26C0 /* API.swift in Sources */,
				23971DE12916E35E00D52A3A /* ArticleDetailWorker.swift in Sources */,
				23971DD3291661F200D52A3A /* ArticleListViewController.swift in Sources */,
				23971DE52916E35E00D52A3A /* ArticleDetailInteractor.swift in Sources */,
				23038FE829154A7A006E26C0 /* ErrorResponse.swift in Sources */,
				23971DE42916E35E00D52A3A /* ArticleDetailViewController.swift in Sources */,
				23971DE02916E35E00D52A3A /* ArticleDetailPresenter.swift in Sources */,
				23038FED2915B1AA006E26C0 /* ArticleNetworkModel.swift in Sources */,
				23971DED2916EFC500D52A3A /* ArticleDetailImageTableViewCell.swift in Sources */,
				23971DE32916E35E00D52A3A /* ArticleDetailModels.swift in Sources */,
				23971DE92916EF1600D52A3A /* ArticleDetailTitleTableViewCell.swift in Sources */,
			);
			runOnlyForDeploymentPostprocessing = 0;
		};
		23ECCB4F2915072A0082CF6F /* Sources */ = {
			isa = PBXSourcesBuildPhase;
			buildActionMask = 2147483647;
			files = (
				23038FF12915BEE7006E26C0 /* APIManagerTest.swift in Sources */,
				23038FEF2915B8E2006E26C0 /* EndPointItemTest.swift in Sources */,
				23038FF32915C87F006E26C0 /* APITest.swift in Sources */,
			);
			runOnlyForDeploymentPostprocessing = 0;
		};
/* End PBXSourcesBuildPhase section */

/* Begin PBXTargetDependency section */
		23ECCB552915072A0082CF6F /* PBXTargetDependency */ = {
			isa = PBXTargetDependency;
			target = 23ECCB3C291507280082CF6F /* NYTPopularArticles */;
			targetProxy = 23ECCB542915072A0082CF6F /* PBXContainerItemProxy */;
		};
/* End PBXTargetDependency section */

/* Begin PBXVariantGroup section */
		23ECCB46291507280082CF6F /* Main.storyboard */ = {
			isa = PBXVariantGroup;
			children = (
				23ECCB47291507280082CF6F /* Base */,
			);
			name = Main.storyboard;
			sourceTree = "<group>";
		};
		23ECCB4B2915072A0082CF6F /* LaunchScreen.storyboard */ = {
			isa = PBXVariantGroup;
			children = (
				23ECCB4C2915072A0082CF6F /* Base */,
			);
			name = LaunchScreen.storyboard;
			sourceTree = "<group>";
		};
/* End PBXVariantGroup section */

/* Begin XCBuildConfiguration section */
		23ECCB652915072A0082CF6F /* Debug */ = {
			isa = XCBuildConfiguration;
			buildSettings = {
				ALWAYS_SEARCH_USER_PATHS = NO;
				CLANG_ANALYZER_NONNULL = YES;
				CLANG_ANALYZER_NUMBER_OBJECT_CONVERSION = YES_AGGRESSIVE;
				CLANG_CXX_LANGUAGE_STANDARD = "gnu++20";
				CLANG_ENABLE_MODULES = YES;
				CLANG_ENABLE_OBJC_ARC = YES;
				CLANG_ENABLE_OBJC_WEAK = YES;
				CLANG_WARN_BLOCK_CAPTURE_AUTORELEASING = YES;
				CLANG_WARN_BOOL_CONVERSION = YES;
				CLANG_WARN_COMMA = YES;
				CLANG_WARN_CONSTANT_CONVERSION = YES;
				CLANG_WARN_DEPRECATED_OBJC_IMPLEMENTATIONS = YES;
				CLANG_WARN_DIRECT_OBJC_ISA_USAGE = YES_ERROR;
				CLANG_WARN_DOCUMENTATION_COMMENTS = YES;
				CLANG_WARN_EMPTY_BODY = YES;
				CLANG_WARN_ENUM_CONVERSION = YES;
				CLANG_WARN_INFINITE_RECURSION = YES;
				CLANG_WARN_INT_CONVERSION = YES;
				CLANG_WARN_NON_LITERAL_NULL_CONVERSION = YES;
				CLANG_WARN_OBJC_IMPLICIT_RETAIN_SELF = YES;
				CLANG_WARN_OBJC_LITERAL_CONVERSION = YES;
				CLANG_WARN_OBJC_ROOT_CLASS = YES_ERROR;
				CLANG_WARN_QUOTED_INCLUDE_IN_FRAMEWORK_HEADER = YES;
				CLANG_WARN_RANGE_LOOP_ANALYSIS = YES;
				CLANG_WARN_STRICT_PROTOTYPES = YES;
				CLANG_WARN_SUSPICIOUS_MOVE = YES;
				CLANG_WARN_UNGUARDED_AVAILABILITY = YES_AGGRESSIVE;
				CLANG_WARN_UNREACHABLE_CODE = YES;
				CLANG_WARN__DUPLICATE_METHOD_MATCH = YES;
				COPY_PHASE_STRIP = NO;
				DEBUG_INFORMATION_FORMAT = dwarf;
				ENABLE_STRICT_OBJC_MSGSEND = YES;
				ENABLE_TESTABILITY = YES;
				GCC_C_LANGUAGE_STANDARD = gnu11;
				GCC_DYNAMIC_NO_PIC = NO;
				GCC_NO_COMMON_BLOCKS = YES;
				GCC_OPTIMIZATION_LEVEL = 0;
				GCC_PREPROCESSOR_DEFINITIONS = (
					"DEBUG=1",
					"$(inherited)",
				);
				GCC_WARN_64_TO_32_BIT_CONVERSION = YES;
				GCC_WARN_ABOUT_RETURN_TYPE = YES_ERROR;
				GCC_WARN_UNDECLARED_SELECTOR = YES;
				GCC_WARN_UNINITIALIZED_AUTOS = YES_AGGRESSIVE;
				GCC_WARN_UNUSED_FUNCTION = YES;
				GCC_WARN_UNUSED_VARIABLE = YES;
				IPHONEOS_DEPLOYMENT_TARGET = 16.0;
				MTL_ENABLE_DEBUG_INFO = INCLUDE_SOURCE;
				MTL_FAST_MATH = YES;
				ONLY_ACTIVE_ARCH = YES;
				SDKROOT = iphoneos;
				SWIFT_ACTIVE_COMPILATION_CONDITIONS = DEBUG;
				SWIFT_OPTIMIZATION_LEVEL = "-Onone";
			};
			name = Debug;
		};
		23ECCB662915072A0082CF6F /* Release */ = {
			isa = XCBuildConfiguration;
			buildSettings = {
				ALWAYS_SEARCH_USER_PATHS = NO;
				CLANG_ANALYZER_NONNULL = YES;
				CLANG_ANALYZER_NUMBER_OBJECT_CONVERSION = YES_AGGRESSIVE;
				CLANG_CXX_LANGUAGE_STANDARD = "gnu++20";
				CLANG_ENABLE_MODULES = YES;
				CLANG_ENABLE_OBJC_ARC = YES;
				CLANG_ENABLE_OBJC_WEAK = YES;
				CLANG_WARN_BLOCK_CAPTURE_AUTORELEASING = YES;
				CLANG_WARN_BOOL_CONVERSION = YES;
				CLANG_WARN_COMMA = YES;
				CLANG_WARN_CONSTANT_CONVERSION = YES;
				CLANG_WARN_DEPRECATED_OBJC_IMPLEMENTATIONS = YES;
				CLANG_WARN_DIRECT_OBJC_ISA_USAGE = YES_ERROR;
				CLANG_WARN_DOCUMENTATION_COMMENTS = YES;
				CLANG_WARN_EMPTY_BODY = YES;
				CLANG_WARN_ENUM_CONVERSION = YES;
				CLANG_WARN_INFINITE_RECURSION = YES;
				CLANG_WARN_INT_CONVERSION = YES;
				CLANG_WARN_NON_LITERAL_NULL_CONVERSION = YES;
				CLANG_WARN_OBJC_IMPLICIT_RETAIN_SELF = YES;
				CLANG_WARN_OBJC_LITERAL_CONVERSION = YES;
				CLANG_WARN_OBJC_ROOT_CLASS = YES_ERROR;
				CLANG_WARN_QUOTED_INCLUDE_IN_FRAMEWORK_HEADER = YES;
				CLANG_WARN_RANGE_LOOP_ANALYSIS = YES;
				CLANG_WARN_STRICT_PROTOTYPES = YES;
				CLANG_WARN_SUSPICIOUS_MOVE = YES;
				CLANG_WARN_UNGUARDED_AVAILABILITY = YES_AGGRESSIVE;
				CLANG_WARN_UNREACHABLE_CODE = YES;
				CLANG_WARN__DUPLICATE_METHOD_MATCH = YES;
				COPY_PHASE_STRIP = NO;
				DEBUG_INFORMATION_FORMAT = "dwarf-with-dsym";
				ENABLE_NS_ASSERTIONS = NO;
				ENABLE_STRICT_OBJC_MSGSEND = YES;
				GCC_C_LANGUAGE_STANDARD = gnu11;
				GCC_NO_COMMON_BLOCKS = YES;
				GCC_WARN_64_TO_32_BIT_CONVERSION = YES;
				GCC_WARN_ABOUT_RETURN_TYPE = YES_ERROR;
				GCC_WARN_UNDECLARED_SELECTOR = YES;
				GCC_WARN_UNINITIALIZED_AUTOS = YES_AGGRESSIVE;
				GCC_WARN_UNUSED_FUNCTION = YES;
				GCC_WARN_UNUSED_VARIABLE = YES;
				IPHONEOS_DEPLOYMENT_TARGET = 16.0;
				MTL_ENABLE_DEBUG_INFO = NO;
				MTL_FAST_MATH = YES;
				SDKROOT = iphoneos;
				SWIFT_COMPILATION_MODE = wholemodule;
				SWIFT_OPTIMIZATION_LEVEL = "-O";
				VALIDATE_PRODUCT = YES;
			};
			name = Release;
		};
		23ECCB682915072A0082CF6F /* Debug */ = {
			isa = XCBuildConfiguration;
			baseConfigurationReference = 9E07EB0A2C682806EC4A7608 /* Pods-NYTPopularArticles.debug.xcconfig */;
			buildSettings = {
				ASSETCATALOG_COMPILER_APPICON_NAME = AppIcon;
				ASSETCATALOG_COMPILER_GLOBAL_ACCENT_COLOR_NAME = AccentColor;
				CODE_SIGN_STYLE = Automatic;
				CURRENT_PROJECT_VERSION = 1;
				DEVELOPMENT_TEAM = 4XTW9GG4XS;
				GENERATE_INFOPLIST_FILE = YES;
				INFOPLIST_FILE = NYTPopularArticles/Info.plist;
				INFOPLIST_KEY_UIApplicationSupportsIndirectInputEvents = YES;
				INFOPLIST_KEY_UILaunchStoryboardName = LaunchScreen;
				INFOPLIST_KEY_UIMainStoryboardFile = Main;
				INFOPLIST_KEY_UISupportedInterfaceOrientations = UIInterfaceOrientationPortrait;
				LD_RUNPATH_SEARCH_PATHS = (
					"$(inherited)",
					"@executable_path/Frameworks",
				);
				MARKETING_VERSION = 1.0;
				PRODUCT_BUNDLE_IDENTIFIER = Sharon.NYTPopularArticles;
				PRODUCT_NAME = "$(TARGET_NAME)";
				SWIFT_EMIT_LOC_STRINGS = YES;
				SWIFT_VERSION = 5.0;
				TARGETED_DEVICE_FAMILY = "1,2";
			};
			name = Debug;
		};
		23ECCB692915072A0082CF6F /* Release */ = {
			isa = XCBuildConfiguration;
			baseConfigurationReference = A55658A3F1F64C848EB67D49 /* Pods-NYTPopularArticles.release.xcconfig */;
			buildSettings = {
				ASSETCATALOG_COMPILER_APPICON_NAME = AppIcon;
				ASSETCATALOG_COMPILER_GLOBAL_ACCENT_COLOR_NAME = AccentColor;
				CODE_SIGN_STYLE = Automatic;
				CURRENT_PROJECT_VERSION = 1;
				DEVELOPMENT_TEAM = 4XTW9GG4XS;
				GENERATE_INFOPLIST_FILE = YES;
				INFOPLIST_FILE = NYTPopularArticles/Info.plist;
				INFOPLIST_KEY_UIApplicationSupportsIndirectInputEvents = YES;
				INFOPLIST_KEY_UILaunchStoryboardName = LaunchScreen;
				INFOPLIST_KEY_UIMainStoryboardFile = Main;
				INFOPLIST_KEY_UISupportedInterfaceOrientations = UIInterfaceOrientationPortrait;
				LD_RUNPATH_SEARCH_PATHS = (
					"$(inherited)",
					"@executable_path/Frameworks",
				);
				MARKETING_VERSION = 1.0;
				PRODUCT_BUNDLE_IDENTIFIER = Sharon.NYTPopularArticles;
				PRODUCT_NAME = "$(TARGET_NAME)";
				SWIFT_EMIT_LOC_STRINGS = YES;
				SWIFT_VERSION = 5.0;
				TARGETED_DEVICE_FAMILY = "1,2";
			};
			name = Release;
		};
		23ECCB6B2915072A0082CF6F /* Debug */ = {
			isa = XCBuildConfiguration;
			baseConfigurationReference = FDB9037FB453443D48232599 /* Pods-NYTPopularArticlesTests.debug.xcconfig */;
			buildSettings = {
				ALWAYS_EMBED_SWIFT_STANDARD_LIBRARIES = YES;
				BUNDLE_LOADER = "$(TEST_HOST)";
				CODE_SIGN_STYLE = Automatic;
				CURRENT_PROJECT_VERSION = 1;
				DEVELOPMENT_TEAM = 4XTW9GG4XS;
				GENERATE_INFOPLIST_FILE = YES;
				IPHONEOS_DEPLOYMENT_TARGET = 16.0;
				MARKETING_VERSION = 1.0;
				PRODUCT_BUNDLE_IDENTIFIER = Sharon.NYTPopularArticlesTests;
				PRODUCT_NAME = "$(TARGET_NAME)";
				SWIFT_EMIT_LOC_STRINGS = NO;
				SWIFT_VERSION = 5.0;
				TARGETED_DEVICE_FAMILY = "1,2";
				TEST_HOST = "$(BUILT_PRODUCTS_DIR)/NYTPopularArticles.app/$(BUNDLE_EXECUTABLE_FOLDER_PATH)/NYTPopularArticles";
			};
			name = Debug;
		};
		23ECCB6C2915072A0082CF6F /* Release */ = {
			isa = XCBuildConfiguration;
			baseConfigurationReference = 2E2E5BA546B469DF65A61320 /* Pods-NYTPopularArticlesTests.release.xcconfig */;
			buildSettings = {
				ALWAYS_EMBED_SWIFT_STANDARD_LIBRARIES = YES;
				BUNDLE_LOADER = "$(TEST_HOST)";
				CODE_SIGN_STYLE = Automatic;
				CURRENT_PROJECT_VERSION = 1;
				DEVELOPMENT_TEAM = 4XTW9GG4XS;
				GENERATE_INFOPLIST_FILE = YES;
				IPHONEOS_DEPLOYMENT_TARGET = 16.0;
				MARKETING_VERSION = 1.0;
				PRODUCT_BUNDLE_IDENTIFIER = Sharon.NYTPopularArticlesTests;
				PRODUCT_NAME = "$(TARGET_NAME)";
				SWIFT_EMIT_LOC_STRINGS = NO;
				SWIFT_VERSION = 5.0;
				TARGETED_DEVICE_FAMILY = "1,2";
				TEST_HOST = "$(BUILT_PRODUCTS_DIR)/NYTPopularArticles.app/$(BUNDLE_EXECUTABLE_FOLDER_PATH)/NYTPopularArticles";
			};
			name = Release;
		};
/* End XCBuildConfiguration section */

/* Begin XCConfigurationList section */
		23ECCB38291507280082CF6F /* Build configuration list for PBXProject "NYTPopularArticles" */ = {
			isa = XCConfigurationList;
			buildConfigurations = (
				23ECCB652915072A0082CF6F /* Debug */,
				23ECCB662915072A0082CF6F /* Release */,
			);
			defaultConfigurationIsVisible = 0;
			defaultConfigurationName = Release;
		};
		23ECCB672915072A0082CF6F /* Build configuration list for PBXNativeTarget "NYTPopularArticles" */ = {
			isa = XCConfigurationList;
			buildConfigurations = (
				23ECCB682915072A0082CF6F /* Debug */,
				23ECCB692915072A0082CF6F /* Release */,
			);
			defaultConfigurationIsVisible = 0;
			defaultConfigurationName = Release;
		};
		23ECCB6A2915072A0082CF6F /* Build configuration list for PBXNativeTarget "NYTPopularArticlesTests" */ = {
			isa = XCConfigurationList;
			buildConfigurations = (
				23ECCB6B2915072A0082CF6F /* Debug */,
				23ECCB6C2915072A0082CF6F /* Release */,
			);
			defaultConfigurationIsVisible = 0;
			defaultConfigurationName = Release;
		};
/* End XCConfigurationList section */
	};
	rootObject = 23ECCB35291507280082CF6F /* Project object */;
}
