// !$*UTF8*$!
{
	archiveVersion = 1;
	classes = {
	};
	objectVersion = 56;
	objects = {

/* Begin PBXBuildFile section */
		23038FE629154A37006E26C0 /* ErrorInfo.swift in Sources */ = {isa = PBXBuildFile; fileRef = 23038FE529154A37006E26C0 /* ErrorInfo.swift */; };
		23038FE829154A7A006E26C0 /* ErrorResponse.swift in Sources */ = {isa = PBXBuildFile; fileRef = 23038FE729154A7A006E26C0 /* ErrorResponse.swift */; };
		23ECCB41291507280082CF6F /* AppDelegate.swift in Sources */ = {isa = PBXBuildFile; fileRef = 23ECCB40291507280082CF6F /* AppDelegate.swift */; };
		23ECCB43291507280082CF6F /* SceneDelegate.swift in Sources */ = {isa = PBXBuildFile; fileRef = 23ECCB42291507280082CF6F /* SceneDelegate.swift */; };
		23ECCB45291507280082CF6F /* ViewController.swift in Sources */ = {isa = PBXBuildFile; fileRef = 23ECCB44291507280082CF6F /* ViewController.swift */; };
		23ECCB48291507280082CF6F /* Main.storyboard in Resources */ = {isa = PBXBuildFile; fileRef = 23ECCB46291507280082CF6F /* Main.storyboard */; };
		23ECCB4A2915072A0082CF6F /* Assets.xcassets in Resources */ = {isa = PBXBuildFile; fileRef = 23ECCB492915072A0082CF6F /* Assets.xcassets */; };
		23ECCB4D2915072A0082CF6F /* LaunchScreen.storyboard in Resources */ = {isa = PBXBuildFile; fileRef = 23ECCB4B2915072A0082CF6F /* LaunchScreen.storyboard */; };
		23ECCB582915072A0082CF6F /* NYTPopularArticlesTests.swift in Sources */ = {isa = PBXBuildFile; fileRef = 23ECCB572915072A0082CF6F /* NYTPopularArticlesTests.swift */; };
		23ECCB622915072A0082CF6F /* NYTPopularArticlesUITests.swift in Sources */ = {isa = PBXBuildFile; fileRef = 23ECCB612915072A0082CF6F /* NYTPopularArticlesUITests.swift */; };
		23ECCB642915072A0082CF6F /* NYTPopularArticlesUITestsLaunchTests.swift in Sources */ = {isa = PBXBuildFile; fileRef = 23ECCB632915072A0082CF6F /* NYTPopularArticlesUITestsLaunchTests.swift */; };
		23ECCB72291522A90082CF6F /* APIManager.swift in Sources */ = {isa = PBXBuildFile; fileRef = 23ECCB71291522A90082CF6F /* APIManager.swift */; };
		23ECCB74291526070082CF6F /* EndPointType.swift in Sources */ = {isa = PBXBuildFile; fileRef = 23ECCB73291526070082CF6F /* EndPointType.swift */; };
		23ECCB76291528DC0082CF6F /* EndPointItem.swift in Sources */ = {isa = PBXBuildFile; fileRef = 23ECCB75291528DC0082CF6F /* EndPointItem.swift */; };
		94A64F53563D8FB616E28156 /* Pods_NYTPopularArticles.framework in Frameworks */ = {isa = PBXBuildFile; fileRef = 61883A3D8FFEFD19ADA39D07 /* Pods_NYTPopularArticles.framework */; };
		A171F2AB3418463AC032F263 /* Pods_NYTPopularArticles_NYTPopularArticlesUITests.framework in Frameworks */ = {isa = PBXBuildFile; fileRef = 90C8DD1363F0B90668DD336A /* Pods_NYTPopularArticles_NYTPopularArticlesUITests.framework */; };
		F4B644BF34C1615C3522D21A /* Pods_NYTPopularArticlesTests.framework in Frameworks */ = {isa = PBXBuildFile; fileRef = D45480CB58A960D2C02CB7D9 /* Pods_NYTPopularArticlesTests.framework */; };
/* End PBXBuildFile section */

/* Begin PBXContainerItemProxy section */
		23ECCB542915072A0082CF6F /* PBXContainerItemProxy */ = {
			isa = PBXContainerItemProxy;
			containerPortal = 23ECCB35291507280082CF6F /* Project object */;
			proxyType = 1;
			remoteGlobalIDString = 23ECCB3C291507280082CF6F;
			remoteInfo = NYTPopularArticles;
		};
		23ECCB5E2915072A0082CF6F /* PBXContainerItemProxy */ = {
			isa = PBXContainerItemProxy;
			containerPortal = 23ECCB35291507280082CF6F /* Project object */;
			proxyType = 1;
			remoteGlobalIDString = 23ECCB3C291507280082CF6F;
			remoteInfo = NYTPopularArticles;
		};
/* End PBXContainerItemProxy section */

/* Begin PBXFileReference section */
		10E69AB840E800C8FFDE5CD6 /* Pods-NYTPopularArticles-NYTPopularArticlesUITests.debug.xcconfig */ = {isa = PBXFileReference; includeInIndex = 1; lastKnownFileType = text.xcconfig; name = "Pods-NYTPopularArticles-NYTPopularArticlesUITests.debug.xcconfig"; path = "Target Support Files/Pods-NYTPopularArticles-NYTPopularArticlesUITests/Pods-NYTPopularArticles-NYTPopularArticlesUITests.debug.xcconfig"; sourceTree = "<group>"; };
		23038FE529154A37006E26C0 /* ErrorInfo.swift */ = {isa = PBXFileReference; lastKnownFileType = sourcecode.swift; path = ErrorInfo.swift; sourceTree = "<group>"; };
		23038FE729154A7A006E26C0 /* ErrorResponse.swift */ = {isa = PBXFileReference; lastKnownFileType = sourcecode.swift; path = ErrorResponse.swift; sourceTree = "<group>"; };
		23ECCB3D291507280082CF6F /* NYTPopularArticles.app */ = {isa = PBXFileReference; explicitFileType = wrapper.application; includeInIndex = 0; path = NYTPopularArticles.app; sourceTree = BUILT_PRODUCTS_DIR; };
		23ECCB40291507280082CF6F /* AppDelegate.swift */ = {isa = PBXFileReference; lastKnownFileType = sourcecode.swift; path = AppDelegate.swift; sourceTree = "<group>"; };
		23ECCB42291507280082CF6F /* SceneDelegate.swift */ = {isa = PBXFileReference; lastKnownFileType = sourcecode.swift; path = SceneDelegate.swift; sourceTree = "<group>"; };
		23ECCB44291507280082CF6F /* ViewController.swift */ = {isa = PBXFileReference; lastKnownFileType = sourcecode.swift; path = ViewController.swift; sourceTree = "<group>"; };
		23ECCB47291507280082CF6F /* Base */ = {isa = PBXFileReference; lastKnownFileType = file.storyboard; name = Base; path = Base.lproj/Main.storyboard; sourceTree = "<group>"; };
		23ECCB492915072A0082CF6F /* Assets.xcassets */ = {isa = PBXFileReference; lastKnownFileType = folder.assetcatalog; path = Assets.xcassets; sourceTree = "<group>"; };
		23ECCB4C2915072A0082CF6F /* Base */ = {isa = PBXFileReference; lastKnownFileType = file.storyboard; name = Base; path = Base.lproj/LaunchScreen.storyboard; sourceTree = "<group>"; };
		23ECCB4E2915072A0082CF6F /* Info.plist */ = {isa = PBXFileReference; lastKnownFileType = text.plist.xml; path = Info.plist; sourceTree = "<group>"; };
		23ECCB532915072A0082CF6F /* NYTPopularArticlesTests.xctest */ = {isa = PBXFileReference; explicitFileType = wrapper.cfbundle; includeInIndex = 0; path = NYTPopularArticlesTests.xctest; sourceTree = BUILT_PRODUCTS_DIR; };
		23ECCB572915072A0082CF6F /* NYTPopularArticlesTests.swift */ = {isa = PBXFileReference; lastKnownFileType = sourcecode.swift; path = NYTPopularArticlesTests.swift; sourceTree = "<group>"; };
		23ECCB5D2915072A0082CF6F /* NYTPopularArticlesUITests.xctest */ = {isa = PBXFileReference; explicitFileType = wrapper.cfbundle; includeInIndex = 0; path = NYTPopularArticlesUITests.xctest; sourceTree = BUILT_PRODUCTS_DIR; };
		23ECCB612915072A0082CF6F /* NYTPopularArticlesUITests.swift */ = {isa = PBXFileReference; lastKnownFileType = sourcecode.swift; path = NYTPopularArticlesUITests.swift; sourceTree = "<group>"; };
		23ECCB632915072A0082CF6F /* NYTPopularArticlesUITestsLaunchTests.swift */ = {isa = PBXFileReference; lastKnownFileType = sourcecode.swift; path = NYTPopularArticlesUITestsLaunchTests.swift; sourceTree = "<group>"; };
		23ECCB71291522A90082CF6F /* APIManager.swift */ = {isa = PBXFileReference; lastKnownFileType = sourcecode.swift; path = APIManager.swift; sourceTree = "<group>"; };
		23ECCB73291526070082CF6F /* EndPointType.swift */ = {isa = PBXFileReference; lastKnownFileType = sourcecode.swift; path = EndPointType.swift; sourceTree = "<group>"; };
		23ECCB75291528DC0082CF6F /* EndPointItem.swift */ = {isa = PBXFileReference; lastKnownFileType = sourcecode.swift; path = EndPointItem.swift; sourceTree = "<group>"; };
		2E2E5BA546B469DF65A61320 /* Pods-NYTPopularArticlesTests.release.xcconfig */ = {isa = PBXFileReference; includeInIndex = 1; lastKnownFileType = text.xcconfig; name = "Pods-NYTPopularArticlesTests.release.xcconfig"; path = "Target Support Files/Pods-NYTPopularArticlesTests/Pods-NYTPopularArticlesTests.release.xcconfig"; sourceTree = "<group>"; };
		61883A3D8FFEFD19ADA39D07 /* Pods_NYTPopularArticles.framework */ = {isa = PBXFileReference; explicitFileType = wrapper.framework; includeInIndex = 0; path = Pods_NYTPopularArticles.framework; sourceTree = BUILT_PRODUCTS_DIR; };
		90C8DD1363F0B90668DD336A /* Pods_NYTPopularArticles_NYTPopularArticlesUITests.framework */ = {isa = PBXFileReference; explicitFileType = wrapper.framework; includeInIndex = 0; path = Pods_NYTPopularArticles_NYTPopularArticlesUITests.framework; sourceTree = BUILT_PRODUCTS_DIR; };
		950104414CC11A2EB2B15350 /* Pods-NYTPopularArticles-NYTPopularArticlesUITests.release.xcconfig */ = {isa = PBXFileReference; includeInIndex = 1; lastKnownFileType = text.xcconfig; name = "Pods-NYTPopularArticles-NYTPopularArticlesUITests.release.xcconfig"; path = "Target Support Files/Pods-NYTPopularArticles-NYTPopularArticlesUITests/Pods-NYTPopularArticles-NYTPopularArticlesUITests.release.xcconfig"; sourceTree = "<group>"; };
		9E07EB0A2C682806EC4A7608 /* Pods-NYTPopularArticles.debug.xcconfig */ = {isa = PBXFileReference; includeInIndex = 1; lastKnownFileType = text.xcconfig; name = "Pods-NYTPopularArticles.debug.xcconfig"; path = "Target Support Files/Pods-NYTPopularArticles/Pods-NYTPopularArticles.debug.xcconfig"; sourceTree = "<group>"; };
		A55658A3F1F64C848EB67D49 /* Pods-NYTPopularArticles.release.xcconfig */ = {isa = PBXFileReference; includeInIndex = 1; lastKnownFileType = text.xcconfig; name = "Pods-NYTPopularArticles.release.xcconfig"; path = "Target Support Files/Pods-NYTPopularArticles/Pods-NYTPopularArticles.release.xcconfig"; sourceTree = "<group>"; };
		D45480CB58A960D2C02CB7D9 /* Pods_NYTPopularArticlesTests.framework */ = {isa = PBXFileReference; explicitFileType = wrapper.framework; includeInIndex = 0; path = Pods_NYTPopularArticlesTests.framework; sourceTree = BUILT_PRODUCTS_DIR; };
		FDB9037FB453443D48232599 /* Pods-NYTPopularArticlesTests.debug.xcconfig */ = {isa = PBXFileReference; includeInIndex = 1; lastKnownFileType = text.xcconfig; name = "Pods-NYTPopularArticlesTests.debug.xcconfig"; path = "Target Support Files/Pods-NYTPopularArticlesTests/Pods-NYTPopularArticlesTests.debug.xcconfig"; sourceTree = "<group>"; };
/* End PBXFileReference section */

/* Begin PBXFrameworksBuildPhase section */
		23ECCB3A291507280082CF6F /* Frameworks */ = {
			isa = PBXFrameworksBuildPhase;
			buildActionMask = 2147483647;
			files = (
				94A64F53563D8FB616E28156 /* Pods_NYTPopularArticles.framework in Frameworks */,
			);
			runOnlyForDeploymentPostprocessing = 0;
		};
		23ECCB502915072A0082CF6F /* Frameworks */ = {
			isa = PBXFrameworksBuildPhase;
			buildActionMask = 2147483647;
			files = (
				F4B644BF34C1615C3522D21A /* Pods_NYTPopularArticlesTests.framework in Frameworks */,
			);
			runOnlyForDeploymentPostprocessing = 0;
		};
		23ECCB5A2915072A0082CF6F /* Frameworks */ = {
			isa = PBXFrameworksBuildPhase;
			buildActionMask = 2147483647;
			files = (
				A171F2AB3418463AC032F263 /* Pods_NYTPopularArticles_NYTPopularArticlesUITests.framework in Frameworks */,
			);
			runOnlyForDeploymentPostprocessing = 0;
		};
/* End PBXFrameworksBuildPhase section */

/* Begin PBXGroup section */
		23ECCB34291507280082CF6F = {
			isa = PBXGroup;
			children = (
				23ECCB3F291507280082CF6F /* NYTPopularArticles */,
				23ECCB562915072A0082CF6F /* NYTPopularArticlesTests */,
				23ECCB602915072A0082CF6F /* NYTPopularArticlesUITests */,
				23ECCB3E291507280082CF6F /* Products */,
				F6BE2B66F0DF05E52FC4DAA8 /* Pods */,
				F1C360ECAF6BECA8F91E0DD8 /* Frameworks */,
			);
			sourceTree = "<group>";
		};
		23ECCB3E291507280082CF6F /* Products */ = {
			isa = PBXGroup;
			children = (
				23ECCB3D291507280082CF6F /* NYTPopularArticles.app */,
				23ECCB532915072A0082CF6F /* NYTPopularArticlesTests.xctest */,
				23ECCB5D2915072A0082CF6F /* NYTPopularArticlesUITests.xctest */,
			);
			name = Products;
			sourceTree = "<group>";
		};
		23ECCB3F291507280082CF6F /* NYTPopularArticles */ = {
			isa = PBXGroup;
			children = (
				23ECCB70291507C70082CF6F /* Services */,
				23ECCB40291507280082CF6F /* AppDelegate.swift */,
				23ECCB42291507280082CF6F /* SceneDelegate.swift */,
				23ECCB44291507280082CF6F /* ViewController.swift */,
				23ECCB46291507280082CF6F /* Main.storyboard */,
				23ECCB492915072A0082CF6F /* Assets.xcassets */,
				23ECCB4B2915072A0082CF6F /* LaunchScreen.storyboard */,
				23ECCB4E2915072A0082CF6F /* Info.plist */,
			);
			path = NYTPopularArticles;
			sourceTree = "<group>";
		};
		23ECCB562915072A0082CF6F /* NYTPopularArticlesTests */ = {
			isa = PBXGroup;
			children = (
				23ECCB572915072A0082CF6F /* NYTPopularArticlesTests.swift */,
			);
			path = NYTPopularArticlesTests;
			sourceTree = "<group>";
		};
		23ECCB602915072A0082CF6F /* NYTPopularArticlesUITests */ = {
			isa = PBXGroup;
			children = (
				23ECCB612915072A0082CF6F /* NYTPopularArticlesUITests.swift */,
				23ECCB632915072A0082CF6F /* NYTPopularArticlesUITestsLaunchTests.swift */,
			);
			path = NYTPopularArticlesUITests;
			sourceTree = "<group>";
		};
		23ECCB70291507C70082CF6F /* Services */ = {
			isa = PBXGroup;
			children = (
				23ECCB71291522A90082CF6F /* APIManager.swift */,
				23ECCB73291526070082CF6F /* EndPointType.swift */,
				23ECCB75291528DC0082CF6F /* EndPointItem.swift */,
				23038FE529154A37006E26C0 /* ErrorInfo.swift */,
				23038FE729154A7A006E26C0 /* ErrorResponse.swift */,
			);
			path = Services;
			sourceTree = "<group>";
		};
		F1C360ECAF6BECA8F91E0DD8 /* Frameworks */ = {
			isa = PBXGroup;
			children = (
				61883A3D8FFEFD19ADA39D07 /* Pods_NYTPopularArticles.framework */,
				90C8DD1363F0B90668DD336A /* Pods_NYTPopularArticles_NYTPopularArticlesUITests.framework */,
				D45480CB58A960D2C02CB7D9 /* Pods_NYTPopularArticlesTests.framework */,
			);
			name = Frameworks;
			sourceTree = "<group>";
		};
		F6BE2B66F0DF05E52FC4DAA8 /* Pods */ = {
			isa = PBXGroup;
			children = (
				9E07EB0A2C682806EC4A7608 /* Pods-NYTPopularArticles.debug.xcconfig */,
				A55658A3F1F64C848EB67D49 /* Pods-NYTPopularArticles.release.xcconfig */,
				10E69AB840E800C8FFDE5CD6 /* Pods-NYTPopularArticles-NYTPopularArticlesUITests.debug.xcconfig */,
				950104414CC11A2EB2B15350 /* Pods-NYTPopularArticles-NYTPopularArticlesUITests.release.xcconfig */,
				FDB9037FB453443D48232599 /* Pods-NYTPopularArticlesTests.debug.xcconfig */,
				2E2E5BA546B469DF65A61320 /* Pods-NYTPopularArticlesTests.release.xcconfig */,
			);
			path = Pods;
			sourceTree = "<group>";
		};
/* End PBXGroup section */

/* Begin PBXNativeTarget section */
		23ECCB3C291507280082CF6F /* NYTPopularArticles */ = {
			isa = PBXNativeTarget;
			buildConfigurationList = 23ECCB672915072A0082CF6F /* Build configuration list for PBXNativeTarget "NYTPopularArticles" */;
			buildPhases = (
				537704598E0E759850A64C70 /* [CP] Check Pods Manifest.lock */,
				23ECCB39291507280082CF6F /* Sources */,
				23ECCB3A291507280082CF6F /* Frameworks */,
				23ECCB3B291507280082CF6F /* Resources */,
				62E019FBFF0C5CDF76F1D290 /* [CP] Embed Pods Frameworks */,
			);
			buildRules = (
			);
			dependencies = (
			);
			name = NYTPopularArticles;
			productName = NYTPopularArticles;
			productReference = 23ECCB3D291507280082CF6F /* NYTPopularArticles.app */;
			productType = "com.apple.product-type.application";
		};
		23ECCB522915072A0082CF6F /* NYTPopularArticlesTests */ = {
			isa = PBXNativeTarget;
			buildConfigurationList = 23ECCB6A2915072A0082CF6F /* Build configuration list for PBXNativeTarget "NYTPopularArticlesTests" */;
			buildPhases = (
				65C25FBB49591CE0246ED5A7 /* [CP] Check Pods Manifest.lock */,
				23ECCB4F2915072A0082CF6F /* Sources */,
				23ECCB502915072A0082CF6F /* Frameworks */,
				23ECCB512915072A0082CF6F /* Resources */,
			);
			buildRules = (
			);
			dependencies = (
				23ECCB552915072A0082CF6F /* PBXTargetDependency */,
			);
			name = NYTPopularArticlesTests;
			productName = NYTPopularArticlesTests;
			productReference = 23ECCB532915072A0082CF6F /* NYTPopularArticlesTests.xctest */;
			productType = "com.apple.product-type.bundle.unit-test";
		};
		23ECCB5C2915072A0082CF6F /* NYTPopularArticlesUITests */ = {
			isa = PBXNativeTarget;
			buildConfigurationList = 23ECCB6D2915072A0082CF6F /* Build configuration list for PBXNativeTarget "NYTPopularArticlesUITests" */;
			buildPhases = (
				B50286D3135881C8073B0DD3 /* [CP] Check Pods Manifest.lock */,
				23ECCB592915072A0082CF6F /* Sources */,
				23ECCB5A2915072A0082CF6F /* Frameworks */,
				23ECCB5B2915072A0082CF6F /* Resources */,
				A8547133FDEED3B97265F345 /* [CP] Embed Pods Frameworks */,
			);
			buildRules = (
			);
			dependencies = (
				23ECCB5F2915072A0082CF6F /* PBXTargetDependency */,
			);
			name = NYTPopularArticlesUITests;
			productName = NYTPopularArticlesUITests;
			productReference = 23ECCB5D2915072A0082CF6F /* NYTPopularArticlesUITests.xctest */;
			productType = "com.apple.product-type.bundle.ui-testing";
		};
/* End PBXNativeTarget section */

/* Begin PBXProject section */
		23ECCB35291507280082CF6F /* Project object */ = {
			isa = PBXProject;
			attributes = {
				BuildIndependentTargetsInParallel = 1;
				LastSwiftUpdateCheck = 1400;
				LastUpgradeCheck = 1400;
				TargetAttributes = {
					23ECCB3C291507280082CF6F = {
						CreatedOnToolsVersion = 14.0;
					};
					23ECCB522915072A0082CF6F = {
						CreatedOnToolsVersion = 14.0;
						TestTargetID = 23ECCB3C291507280082CF6F;
					};
					23ECCB5C2915072A0082CF6F = {
						CreatedOnToolsVersion = 14.0;
						TestTargetID = 23ECCB3C291507280082CF6F;
					};
				};
			};
			buildConfigurationList = 23ECCB38291507280082CF6F /* Build configuration list for PBXProject "NYTPopularArticles" */;
			compatibilityVersion = "Xcode 14.0";
			developmentRegion = en;
			hasScannedForEncodings = 0;
			knownRegions = (
				en,
				Base,
			);
			mainGroup = 23ECCB34291507280082CF6F;
			productRefGroup = 23ECCB3E291507280082CF6F /* Products */;
			projectDirPath = "";
			projectRoot = "";
			targets = (
				23ECCB3C291507280082CF6F /* NYTPopularArticles */,
				23ECCB522915072A0082CF6F /* NYTPopularArticlesTests */,
				23ECCB5C2915072A0082CF6F /* NYTPopularArticlesUITests */,
			);
		};
/* End PBXProject section */

/* Begin PBXResourcesBuildPhase section */
		23ECCB3B291507280082CF6F /* Resources */ = {
			isa = PBXResourcesBuildPhase;
			buildActionMask = 2147483647;
			files = (
				23ECCB4D2915072A0082CF6F /* LaunchScreen.storyboard in Resources */,
				23ECCB4A2915072A0082CF6F /* Assets.xcassets in Resources */,
				23ECCB48291507280082CF6F /* Main.storyboard in Resources */,
			);
			runOnlyForDeploymentPostprocessing = 0;
		};
		23ECCB512915072A0082CF6F /* Resources */ = {
			isa = PBXResourcesBuildPhase;
			buildActionMask = 2147483647;
			files = (
			);
			runOnlyForDeploymentPostprocessing = 0;
		};
		23ECCB5B2915072A0082CF6F /* Resources */ = {
			isa = PBXResourcesBuildPhase;
			buildActionMask = 2147483647;
			files = (
			);
			runOnlyForDeploymentPostprocessing = 0;
		};
/* End PBXResourcesBuildPhase section */

/* Begin PBXShellScriptBuildPhase section */
		537704598E0E759850A64C70 /* [CP] Check Pods Manifest.lock */ = {
			isa = PBXShellScriptBuildPhase;
			buildActionMask = 2147483647;
			files = (
			);
			inputFileListPaths = (
			);
			inputPaths = (
				"${PODS_PODFILE_DIR_PATH}/Podfile.lock",
				"${PODS_ROOT}/Manifest.lock",
			);
			name = "[CP] Check Pods Manifest.lock";
			outputFileListPaths = (
			);
			outputPaths = (
				"$(DERIVED_FILE_DIR)/Pods-NYTPopularArticles-checkManifestLockResult.txt",
			);
			runOnlyForDeploymentPostprocessing = 0;
			shellPath = /bin/sh;
			shellScript = "diff \"${PODS_PODFILE_DIR_PATH}/Podfile.lock\" \"${PODS_ROOT}/Manifest.lock\" > /dev/null\nif [ $? != 0 ] ; then\n    # print error to STDERR\n    echo \"error: The sandbox is not in sync with the Podfile.lock. Run 'pod install' or update your CocoaPods installation.\" >&2\n    exit 1\nfi\n# This output is used by Xcode 'outputs' to avoid re-running this script phase.\necho \"SUCCESS\" > \"${SCRIPT_OUTPUT_FILE_0}\"\n";
			showEnvVarsInLog = 0;
		};
		62E019FBFF0C5CDF76F1D290 /* [CP] Embed Pods Frameworks */ = {
			isa = PBXShellScriptBuildPhase;
			buildActionMask = 2147483647;
			files = (
			);
			inputFileListPaths = (
				"${PODS_ROOT}/Target Support Files/Pods-NYTPopularArticles/Pods-NYTPopularArticles-frameworks-${CONFIGURATION}-input-files.xcfilelist",
			);
			name = "[CP] Embed Pods Frameworks";
			outputFileListPaths = (
				"${PODS_ROOT}/Target Support Files/Pods-NYTPopularArticles/Pods-NYTPopularArticles-frameworks-${CONFIGURATION}-output-files.xcfilelist",
			);
			runOnlyForDeploymentPostprocessing = 0;
			shellPath = /bin/sh;
			shellScript = "\"${PODS_ROOT}/Target Support Files/Pods-NYTPopularArticles/Pods-NYTPopularArticles-frameworks.sh\"\n";
			showEnvVarsInLog = 0;
		};
		65C25FBB49591CE0246ED5A7 /* [CP] Check Pods Manifest.lock */ = {
			isa = PBXShellScriptBuildPhase;
			buildActionMask = 2147483647;
			files = (
			);
			inputFileListPaths = (
			);
			inputPaths = (
				"${PODS_PODFILE_DIR_PATH}/Podfile.lock",
				"${PODS_ROOT}/Manifest.lock",
			);
			name = "[CP] Check Pods Manifest.lock";
			outputFileListPaths = (
			);
			outputPaths = (
				"$(DERIVED_FILE_DIR)/Pods-NYTPopularArticlesTests-checkManifestLockResult.txt",
			);
			runOnlyForDeploymentPostprocessing = 0;
			shellPath = /bin/sh;
			shellScript = "diff \"${PODS_PODFILE_DIR_PATH}/Podfile.lock\" \"${PODS_ROOT}/Manifest.lock\" > /dev/null\nif [ $? != 0 ] ; then\n    # print error to STDERR\n    echo \"error: The sandbox is not in sync with the Podfile.lock. Run 'pod install' or update your CocoaPods installation.\" >&2\n    exit 1\nfi\n# This output is used by Xcode 'outputs' to avoid re-running this script phase.\necho \"SUCCESS\" > \"${SCRIPT_OUTPUT_FILE_0}\"\n";
			showEnvVarsInLog = 0;
		};
		A8547133FDEED3B97265F345 /* [CP] Embed Pods Frameworks */ = {
			isa = PBXShellScriptBuildPhase;
			buildActionMask = 2147483647;
			files = (
			);
			inputFileListPaths = (
				"${PODS_ROOT}/Target Support Files/Pods-NYTPopularArticles-NYTPopularArticlesUITests/Pods-NYTPopularArticles-NYTPopularArticlesUITests-frameworks-${CONFIGURATION}-input-files.xcfilelist",
			);
			name = "[CP] Embed Pods Frameworks";
			outputFileListPaths = (
				"${PODS_ROOT}/Target Support Files/Pods-NYTPopularArticles-NYTPopularArticlesUITests/Pods-NYTPopularArticles-NYTPopularArticlesUITests-frameworks-${CONFIGURATION}-output-files.xcfilelist",
			);
			runOnlyForDeploymentPostprocessing = 0;
			shellPath = /bin/sh;
			shellScript = "\"${PODS_ROOT}/Target Support Files/Pods-NYTPopularArticles-NYTPopularArticlesUITests/Pods-NYTPopularArticles-NYTPopularArticlesUITests-frameworks.sh\"\n";
			showEnvVarsInLog = 0;
		};
		B50286D3135881C8073B0DD3 /* [CP] Check Pods Manifest.lock */ = {
			isa = PBXShellScriptBuildPhase;
			buildActionMask = 2147483647;
			files = (
			);
			inputFileListPaths = (
			);
			inputPaths = (
				"${PODS_PODFILE_DIR_PATH}/Podfile.lock",
				"${PODS_ROOT}/Manifest.lock",
			);
			name = "[CP] Check Pods Manifest.lock";
			outputFileListPaths = (
			);
			outputPaths = (
				"$(DERIVED_FILE_DIR)/Pods-NYTPopularArticles-NYTPopularArticlesUITests-checkManifestLockResult.txt",
			);
			runOnlyForDeploymentPostprocessing = 0;
			shellPath = /bin/sh;
			shellScript = "diff \"${PODS_PODFILE_DIR_PATH}/Podfile.lock\" \"${PODS_ROOT}/Manifest.lock\" > /dev/null\nif [ $? != 0 ] ; then\n    # print error to STDERR\n    echo \"error: The sandbox is not in sync with the Podfile.lock. Run 'pod install' or update your CocoaPods installation.\" >&2\n    exit 1\nfi\n# This output is used by Xcode 'outputs' to avoid re-running this script phase.\necho \"SUCCESS\" > \"${SCRIPT_OUTPUT_FILE_0}\"\n";
			showEnvVarsInLog = 0;
		};
/* End PBXShellScriptBuildPhase section */

/* Begin PBXSourcesBuildPhase section */
		23ECCB39291507280082CF6F /* Sources */ = {
			isa = PBXSourcesBuildPhase;
			buildActionMask = 2147483647;
			files = (
				23ECCB72291522A90082CF6F /* APIManager.swift in Sources */,
				23ECCB76291528DC0082CF6F /* EndPointItem.swift in Sources */,
				23038FE629154A37006E26C0 /* ErrorInfo.swift in Sources */,
				23ECCB45291507280082CF6F /* ViewController.swift in Sources */,
				23ECCB41291507280082CF6F /* AppDelegate.swift in Sources */,
				23ECCB74291526070082CF6F /* EndPointType.swift in Sources */,
				23ECCB43291507280082CF6F /* SceneDelegate.swift in Sources */,
				23038FE829154A7A006E26C0 /* ErrorResponse.swift in Sources */,
			);
			runOnlyForDeploymentPostprocessing = 0;
		};
		23ECCB4F2915072A0082CF6F /* Sources */ = {
			isa = PBXSourcesBuildPhase;
			buildActionMask = 2147483647;
			files = (
				23ECCB582915072A0082CF6F /* NYTPopularArticlesTests.swift in Sources */,
			);
			runOnlyForDeploymentPostprocessing = 0;
		};
		23ECCB592915072A0082CF6F /* Sources */ = {
			isa = PBXSourcesBuildPhase;
			buildActionMask = 2147483647;
			files = (
				23ECCB622915072A0082CF6F /* NYTPopularArticlesUITests.swift in Sources */,
				23ECCB642915072A0082CF6F /* NYTPopularArticlesUITestsLaunchTests.swift in Sources */,
			);
			runOnlyForDeploymentPostprocessing = 0;
		};
/* End PBXSourcesBuildPhase section */

/* Begin PBXTargetDependency section */
		23ECCB552915072A0082CF6F /* PBXTargetDependency */ = {
			isa = PBXTargetDependency;
			target = 23ECCB3C291507280082CF6F /* NYTPopularArticles */;
			targetProxy = 23ECCB542915072A0082CF6F /* PBXContainerItemProxy */;
		};
		23ECCB5F2915072A0082CF6F /* PBXTargetDependency */ = {
			isa = PBXTargetDependency;
			target = 23ECCB3C291507280082CF6F /* NYTPopularArticles */;
			targetProxy = 23ECCB5E2915072A0082CF6F /* PBXContainerItemProxy */;
		};
/* End PBXTargetDependency section */

/* Begin PBXVariantGroup section */
		23ECCB46291507280082CF6F /* Main.storyboard */ = {
			isa = PBXVariantGroup;
			children = (
				23ECCB47291507280082CF6F /* Base */,
			);
			name = Main.storyboard;
			sourceTree = "<group>";
		};
		23ECCB4B2915072A0082CF6F /* LaunchScreen.storyboard */ = {
			isa = PBXVariantGroup;
			children = (
				23ECCB4C2915072A0082CF6F /* Base */,
			);
			name = LaunchScreen.storyboard;
			sourceTree = "<group>";
		};
/* End PBXVariantGroup section */

/* Begin XCBuildConfiguration section */
		23ECCB652915072A0082CF6F /* Debug */ = {
			isa = XCBuildConfiguration;
			buildSettings = {
				ALWAYS_SEARCH_USER_PATHS = NO;
				CLANG_ANALYZER_NONNULL = YES;
				CLANG_ANALYZER_NUMBER_OBJECT_CONVERSION = YES_AGGRESSIVE;
				CLANG_CXX_LANGUAGE_STANDARD = "gnu++20";
				CLANG_ENABLE_MODULES = YES;
				CLANG_ENABLE_OBJC_ARC = YES;
				CLANG_ENABLE_OBJC_WEAK = YES;
				CLANG_WARN_BLOCK_CAPTURE_AUTORELEASING = YES;
				CLANG_WARN_BOOL_CONVERSION = YES;
				CLANG_WARN_COMMA = YES;
				CLANG_WARN_CONSTANT_CONVERSION = YES;
				CLANG_WARN_DEPRECATED_OBJC_IMPLEMENTATIONS = YES;
				CLANG_WARN_DIRECT_OBJC_ISA_USAGE = YES_ERROR;
				CLANG_WARN_DOCUMENTATION_COMMENTS = YES;
				CLANG_WARN_EMPTY_BODY = YES;
				CLANG_WARN_ENUM_CONVERSION = YES;
				CLANG_WARN_INFINITE_RECURSION = YES;
				CLANG_WARN_INT_CONVERSION = YES;
				CLANG_WARN_NON_LITERAL_NULL_CONVERSION = YES;
				CLANG_WARN_OBJC_IMPLICIT_RETAIN_SELF = YES;
				CLANG_WARN_OBJC_LITERAL_CONVERSION = YES;
				CLANG_WARN_OBJC_ROOT_CLASS = YES_ERROR;
				CLANG_WARN_QUOTED_INCLUDE_IN_FRAMEWORK_HEADER = YES;
				CLANG_WARN_RANGE_LOOP_ANALYSIS = YES;
				CLANG_WARN_STRICT_PROTOTYPES = YES;
				CLANG_WARN_SUSPICIOUS_MOVE = YES;
				CLANG_WARN_UNGUARDED_AVAILABILITY = YES_AGGRESSIVE;
				CLANG_WARN_UNREACHABLE_CODE = YES;
				CLANG_WARN__DUPLICATE_METHOD_MATCH = YES;
				COPY_PHASE_STRIP = NO;
				DEBUG_INFORMATION_FORMAT = dwarf;
				ENABLE_STRICT_OBJC_MSGSEND = YES;
				ENABLE_TESTABILITY = YES;
				GCC_C_LANGUAGE_STANDARD = gnu11;
				GCC_DYNAMIC_NO_PIC = NO;
				GCC_NO_COMMON_BLOCKS = YES;
				GCC_OPTIMIZATION_LEVEL = 0;
				GCC_PREPROCESSOR_DEFINITIONS = (
					"DEBUG=1",
					"$(inherited)",
				);
				GCC_WARN_64_TO_32_BIT_CONVERSION = YES;
				GCC_WARN_ABOUT_RETURN_TYPE = YES_ERROR;
				GCC_WARN_UNDECLARED_SELECTOR = YES;
				GCC_WARN_UNINITIALIZED_AUTOS = YES_AGGRESSIVE;
				GCC_WARN_UNUSED_FUNCTION = YES;
				GCC_WARN_UNUSED_VARIABLE = YES;
				IPHONEOS_DEPLOYMENT_TARGET = 16.0;
				MTL_ENABLE_DEBUG_INFO = INCLUDE_SOURCE;
				MTL_FAST_MATH = YES;
				ONLY_ACTIVE_ARCH = YES;
				SDKROOT = iphoneos;
				SWIFT_ACTIVE_COMPILATION_CONDITIONS = DEBUG;
				SWIFT_OPTIMIZATION_LEVEL = "-Onone";
			};
			name = Debug;
		};
		23ECCB662915072A0082CF6F /* Release */ = {
			isa = XCBuildConfiguration;
			buildSettings = {
				ALWAYS_SEARCH_USER_PATHS = NO;
				CLANG_ANALYZER_NONNULL = YES;
				CLANG_ANALYZER_NUMBER_OBJECT_CONVERSION = YES_AGGRESSIVE;
				CLANG_CXX_LANGUAGE_STANDARD = "gnu++20";
				CLANG_ENABLE_MODULES = YES;
				CLANG_ENABLE_OBJC_ARC = YES;
				CLANG_ENABLE_OBJC_WEAK = YES;
				CLANG_WARN_BLOCK_CAPTURE_AUTORELEASING = YES;
				CLANG_WARN_BOOL_CONVERSION = YES;
				CLANG_WARN_COMMA = YES;
				CLANG_WARN_CONSTANT_CONVERSION = YES;
				CLANG_WARN_DEPRECATED_OBJC_IMPLEMENTATIONS = YES;
				CLANG_WARN_DIRECT_OBJC_ISA_USAGE = YES_ERROR;
				CLANG_WARN_DOCUMENTATION_COMMENTS = YES;
				CLANG_WARN_EMPTY_BODY = YES;
				CLANG_WARN_ENUM_CONVERSION = YES;
				CLANG_WARN_INFINITE_RECURSION = YES;
				CLANG_WARN_INT_CONVERSION = YES;
				CLANG_WARN_NON_LITERAL_NULL_CONVERSION = YES;
				CLANG_WARN_OBJC_IMPLICIT_RETAIN_SELF = YES;
				CLANG_WARN_OBJC_LITERAL_CONVERSION = YES;
				CLANG_WARN_OBJC_ROOT_CLASS = YES_ERROR;
				CLANG_WARN_QUOTED_INCLUDE_IN_FRAMEWORK_HEADER = YES;
				CLANG_WARN_RANGE_LOOP_ANALYSIS = YES;
				CLANG_WARN_STRICT_PROTOTYPES = YES;
				CLANG_WARN_SUSPICIOUS_MOVE = YES;
				CLANG_WARN_UNGUARDED_AVAILABILITY = YES_AGGRESSIVE;
				CLANG_WARN_UNREACHABLE_CODE = YES;
				CLANG_WARN__DUPLICATE_METHOD_MATCH = YES;
				COPY_PHASE_STRIP = NO;
				DEBUG_INFORMATION_FORMAT = "dwarf-with-dsym";
				ENABLE_NS_ASSERTIONS = NO;
				ENABLE_STRICT_OBJC_MSGSEND = YES;
				GCC_C_LANGUAGE_STANDARD = gnu11;
				GCC_NO_COMMON_BLOCKS = YES;
				GCC_WARN_64_TO_32_BIT_CONVERSION = YES;
				GCC_WARN_ABOUT_RETURN_TYPE = YES_ERROR;
				GCC_WARN_UNDECLARED_SELECTOR = YES;
				GCC_WARN_UNINITIALIZED_AUTOS = YES_AGGRESSIVE;
				GCC_WARN_UNUSED_FUNCTION = YES;
				GCC_WARN_UNUSED_VARIABLE = YES;
				IPHONEOS_DEPLOYMENT_TARGET = 16.0;
				MTL_ENABLE_DEBUG_INFO = NO;
				MTL_FAST_MATH = YES;
				SDKROOT = iphoneos;
				SWIFT_COMPILATION_MODE = wholemodule;
				SWIFT_OPTIMIZATION_LEVEL = "-O";
				VALIDATE_PRODUCT = YES;
			};
			name = Release;
		};
		23ECCB682915072A0082CF6F /* Debug */ = {
			isa = XCBuildConfiguration;
			baseConfigurationReference = 9E07EB0A2C682806EC4A7608 /* Pods-NYTPopularArticles.debug.xcconfig */;
			buildSettings = {
				ASSETCATALOG_COMPILER_APPICON_NAME = AppIcon;
				ASSETCATALOG_COMPILER_GLOBAL_ACCENT_COLOR_NAME = AccentColor;
				CODE_SIGN_STYLE = Automatic;
				CURRENT_PROJECT_VERSION = 1;
				DEVELOPMENT_TEAM = 4XTW9GG4XS;
				GENERATE_INFOPLIST_FILE = YES;
				INFOPLIST_FILE = NYTPopularArticles/Info.plist;
				INFOPLIST_KEY_UIApplicationSupportsIndirectInputEvents = YES;
				INFOPLIST_KEY_UILaunchStoryboardName = LaunchScreen;
				INFOPLIST_KEY_UIMainStoryboardFile = Main;
				INFOPLIST_KEY_UISupportedInterfaceOrientations = UIInterfaceOrientationPortrait;
				LD_RUNPATH_SEARCH_PATHS = (
					"$(inherited)",
					"@executable_path/Frameworks",
				);
				MARKETING_VERSION = 1.0;
				PRODUCT_BUNDLE_IDENTIFIER = Sharon.NYTPopularArticles;
				PRODUCT_NAME = "$(TARGET_NAME)";
				SWIFT_EMIT_LOC_STRINGS = YES;
				SWIFT_VERSION = 5.0;
				TARGETED_DEVICE_FAMILY = "1,2";
			};
			name = Debug;
		};
		23ECCB692915072A0082CF6F /* Release */ = {
			isa = XCBuildConfiguration;
			baseConfigurationReference = A55658A3F1F64C848EB67D49 /* Pods-NYTPopularArticles.release.xcconfig */;
			buildSettings = {
				ASSETCATALOG_COMPILER_APPICON_NAME = AppIcon;
				ASSETCATALOG_COMPILER_GLOBAL_ACCENT_COLOR_NAME = AccentColor;
				CODE_SIGN_STYLE = Automatic;
				CURRENT_PROJECT_VERSION = 1;
				DEVELOPMENT_TEAM = 4XTW9GG4XS;
				GENERATE_INFOPLIST_FILE = YES;
				INFOPLIST_FILE = NYTPopularArticles/Info.plist;
				INFOPLIST_KEY_UIApplicationSupportsIndirectInputEvents = YES;
				INFOPLIST_KEY_UILaunchStoryboardName = LaunchScreen;
				INFOPLIST_KEY_UIMainStoryboardFile = Main;
				INFOPLIST_KEY_UISupportedInterfaceOrientations = UIInterfaceOrientationPortrait;
				LD_RUNPATH_SEARCH_PATHS = (
					"$(inherited)",
					"@executable_path/Frameworks",
				);
				MARKETING_VERSION = 1.0;
				PRODUCT_BUNDLE_IDENTIFIER = Sharon.NYTPopularArticles;
				PRODUCT_NAME = "$(TARGET_NAME)";
				SWIFT_EMIT_LOC_STRINGS = YES;
				SWIFT_VERSION = 5.0;
				TARGETED_DEVICE_FAMILY = "1,2";
			};
			name = Release;
		};
		23ECCB6B2915072A0082CF6F /* Debug */ = {
			isa = XCBuildConfiguration;
			baseConfigurationReference = FDB9037FB453443D48232599 /* Pods-NYTPopularArticlesTests.debug.xcconfig */;
			buildSettings = {
				ALWAYS_EMBED_SWIFT_STANDARD_LIBRARIES = YES;
				BUNDLE_LOADER = "$(TEST_HOST)";
				CODE_SIGN_STYLE = Automatic;
				CURRENT_PROJECT_VERSION = 1;
				DEVELOPMENT_TEAM = 4XTW9GG4XS;
				GENERATE_INFOPLIST_FILE = YES;
				IPHONEOS_DEPLOYMENT_TARGET = 16.0;
				MARKETING_VERSION = 1.0;
				PRODUCT_BUNDLE_IDENTIFIER = Sharon.NYTPopularArticlesTests;
				PRODUCT_NAME = "$(TARGET_NAME)";
				SWIFT_EMIT_LOC_STRINGS = NO;
				SWIFT_VERSION = 5.0;
				TARGETED_DEVICE_FAMILY = "1,2";
				TEST_HOST = "$(BUILT_PRODUCTS_DIR)/NYTPopularArticles.app/$(BUNDLE_EXECUTABLE_FOLDER_PATH)/NYTPopularArticles";
			};
			name = Debug;
		};
		23ECCB6C2915072A0082CF6F /* Release */ = {
			isa = XCBuildConfiguration;
			baseConfigurationReference = 2E2E5BA546B469DF65A61320 /* Pods-NYTPopularArticlesTests.release.xcconfig */;
			buildSettings = {
				ALWAYS_EMBED_SWIFT_STANDARD_LIBRARIES = YES;
				BUNDLE_LOADER = "$(TEST_HOST)";
				CODE_SIGN_STYLE = Automatic;
				CURRENT_PROJECT_VERSION = 1;
				DEVELOPMENT_TEAM = 4XTW9GG4XS;
				GENERATE_INFOPLIST_FILE = YES;
				IPHONEOS_DEPLOYMENT_TARGET = 16.0;
				MARKETING_VERSION = 1.0;
				PRODUCT_BUNDLE_IDENTIFIER = Sharon.NYTPopularArticlesTests;
				PRODUCT_NAME = "$(TARGET_NAME)";
				SWIFT_EMIT_LOC_STRINGS = NO;
				SWIFT_VERSION = 5.0;
				TARGETED_DEVICE_FAMILY = "1,2";
				TEST_HOST = "$(BUILT_PRODUCTS_DIR)/NYTPopularArticles.app/$(BUNDLE_EXECUTABLE_FOLDER_PATH)/NYTPopularArticles";
			};
			name = Release;
		};
		23ECCB6E2915072A0082CF6F /* Debug */ = {
			isa = XCBuildConfiguration;
			baseConfigurationReference = 10E69AB840E800C8FFDE5CD6 /* Pods-NYTPopularArticles-NYTPopularArticlesUITests.debug.xcconfig */;
			buildSettings = {
				ALWAYS_EMBED_SWIFT_STANDARD_LIBRARIES = YES;
				CODE_SIGN_STYLE = Automatic;
				CURRENT_PROJECT_VERSION = 1;
				DEVELOPMENT_TEAM = 4XTW9GG4XS;
				GENERATE_INFOPLIST_FILE = YES;
				MARKETING_VERSION = 1.0;
				PRODUCT_BUNDLE_IDENTIFIER = Sharon.NYTPopularArticlesUITests;
				PRODUCT_NAME = "$(TARGET_NAME)";
				SWIFT_EMIT_LOC_STRINGS = NO;
				SWIFT_VERSION = 5.0;
				TARGETED_DEVICE_FAMILY = "1,2";
				TEST_TARGET_NAME = NYTPopularArticles;
			};
			name = Debug;
		};
		23ECCB6F2915072A0082CF6F /* Release */ = {
			isa = XCBuildConfiguration;
			baseConfigurationReference = 950104414CC11A2EB2B15350 /* Pods-NYTPopularArticles-NYTPopularArticlesUITests.release.xcconfig */;
			buildSettings = {
				ALWAYS_EMBED_SWIFT_STANDARD_LIBRARIES = YES;
				CODE_SIGN_STYLE = Automatic;
				CURRENT_PROJECT_VERSION = 1;
				DEVELOPMENT_TEAM = 4XTW9GG4XS;
				GENERATE_INFOPLIST_FILE = YES;
				MARKETING_VERSION = 1.0;
				PRODUCT_BUNDLE_IDENTIFIER = Sharon.NYTPopularArticlesUITests;
				PRODUCT_NAME = "$(TARGET_NAME)";
				SWIFT_EMIT_LOC_STRINGS = NO;
				SWIFT_VERSION = 5.0;
				TARGETED_DEVICE_FAMILY = "1,2";
				TEST_TARGET_NAME = NYTPopularArticles;
			};
			name = Release;
		};
/* End XCBuildConfiguration section */

/* Begin XCConfigurationList section */
		23ECCB38291507280082CF6F /* Build configuration list for PBXProject "NYTPopularArticles" */ = {
			isa = XCConfigurationList;
			buildConfigurations = (
				23ECCB652915072A0082CF6F /* Debug */,
				23ECCB662915072A0082CF6F /* Release */,
			);
			defaultConfigurationIsVisible = 0;
			defaultConfigurationName = Release;
		};
		23ECCB672915072A0082CF6F /* Build configuration list for PBXNativeTarget "NYTPopularArticles" */ = {
			isa = XCConfigurationList;
			buildConfigurations = (
				23ECCB682915072A0082CF6F /* Debug */,
				23ECCB692915072A0082CF6F /* Release */,
			);
			defaultConfigurationIsVisible = 0;
			defaultConfigurationName = Release;
		};
		23ECCB6A2915072A0082CF6F /* Build configuration list for PBXNativeTarget "NYTPopularArticlesTests" */ = {
			isa = XCConfigurationList;
			buildConfigurations = (
				23ECCB6B2915072A0082CF6F /* Debug */,
				23ECCB6C2915072A0082CF6F /* Release */,
			);
			defaultConfigurationIsVisible = 0;
			defaultConfigurationName = Release;
		};
		23ECCB6D2915072A0082CF6F /* Build configuration list for PBXNativeTarget "NYTPopularArticlesUITests" */ = {
			isa = XCConfigurationList;
			buildConfigurations = (
				23ECCB6E2915072A0082CF6F /* Debug */,
				23ECCB6F2915072A0082CF6F /* Release */,
			);
			defaultConfigurationIsVisible = 0;
			defaultConfigurationName = Release;
		};
/* End XCConfigurationList section */
	};
	rootObject = 23ECCB35291507280082CF6F /* Project object */;
}
